{
  "pins" : [
    {
      "identity" : "fuzi",
      "kind" : "remoteSourceControl",
      "location" : "https://github.com/cezheng/Fuzi",
      "state" : {
        "branch" : "master",
        "revision" : "e853de3bdeb6fd458bcab6daa4d56e68ff80c531"
      }
    },
    {
      "identity" : "swift-anthropic",
      "kind" : "remoteSourceControl",
      "location" : "https://github.com/nathanborror/swift-anthropic",
      "state" : {
        "branch" : "main",
        "revision" : "f0a3aeae3713807efca37d803fa2c4b32480a43c"
      }
    },
    {
      "identity" : "swift-argument-parser",
      "kind" : "remoteSourceControl",
      "location" : "https://github.com/apple/swift-argument-parser",
      "state" : {
        "branch" : "main",
        "revision" : "a0f43bb719eb3ade9005818e72557ea023af0e60"
      }
    },
    {
      "identity" : "swift-elevenlabs",
      "kind" : "remoteSourceControl",
      "location" : "https://github.com/nathanborror/swift-elevenlabs",
      "state" : {
        "branch" : "main",
        "revision" : "d5374f08e7231734ca5a9a11f6f601e8f7025bcd"
      }
    },
    {
      "identity" : "swift-gen-kit",
      "kind" : "remoteSourceControl",
      "location" : "https://github.com/nathanborror/swift-gen-kit",
      "state" : {
        "branch" : "main",
        "revision" : "d24203b95691b8cb19a63018f2d3c6c6f2c0048c"
      }
    },
    {
      "identity" : "swift-google-gen",
      "kind" : "remoteSourceControl",
      "location" : "https://github.com/nathanborror/swift-google-gen",
      "state" : {
        "branch" : "main",
        "revision" : "67e8319dee077982c20e6df79a2530bac894f3c6"
      }
    },
    {
      "identity" : "swift-mistral",
      "kind" : "remoteSourceControl",
      "location" : "https://github.com/nathanborror/swift-mistral",
      "state" : {
        "branch" : "main",
        "revision" : "8fdc60b12246316b911da86156c0f1d780fc79a7"
      }
    },
    {
      "identity" : "swift-ollama",
      "kind" : "remoteSourceControl",
      "location" : "https://github.com/nathanborror/swift-ollama",
      "state" : {
        "branch" : "main",
        "revision" : "1e6389ef325f3bf3ae2f58dfaf3e71fc7a452b60"
      }
    },
    {
      "identity" : "swift-openai",
      "kind" : "remoteSourceControl",
      "location" : "https://github.com/nathanborror/swift-openai",
      "state" : {
        "branch" : "main",
        "revision" : "c7f72ddfd0567a0c4f59ea8e211c2df68b178ab3"
      }
    },
    {
      "identity" : "swift-perplexity",
      "kind" : "remoteSourceControl",
      "location" : "https://github.com/nathanborror/swift-perplexity",
      "state" : {
        "branch" : "main",
        "revision" : "7e8cff7587b774ebdd92e4e0426ac610c2d10c3b"
      }
    },
    {
      "identity" : "swift-shared-kit",
      "kind" : "remoteSourceControl",
      "location" : "https://github.com/nathanborror/swift-shared-kit",
      "state" : {
        "branch" : "main",
        "revision" : "a1f7aceb6653df58ae088199a6db10ffc174e990"
      }
    }
  ],
  "version" : 2
}
