{
  "pins" : [
    {
      "identity" : "swift-anthropic",
      "kind" : "remoteSourceControl",
      "location" : "https://github.com/nathanborror/swift-anthropic",
      "state" : {
        "branch" : "main",
        "revision" : "70a2678ab6f02766f98f9d527e33f8d80eac78d5"
      }
    },
    {
      "identity" : "swift-argument-parser",
      "kind" : "remoteSourceControl",
      "location" : "https://github.com/apple/swift-argument-parser",
      "state" : {
        "branch" : "main",
        "revision" : "6c7ec363da47357aaf1f2f423d30117ff077f696"
      }
    },
    {
      "identity" : "swift-genkit",
      "kind" : "remoteSourceControl",
      "location" : "https://github.com/nathanborror/swift-genkit",
      "state" : {
        "branch" : "main",
        "revision" : "363e0da9f145f2bd5a01dda149f1a7b923515e4c"
      }
    },
    {
      "identity" : "swift-mistral",
      "kind" : "remoteSourceControl",
      "location" : "https://github.com/nathanborror/swift-mistral",
      "state" : {
        "branch" : "main",
        "revision" : "0e804924cf64cacf06cd6ba9039f403a197164aa"
      }
    },
    {
      "identity" : "swift-ollama",
      "kind" : "remoteSourceControl",
      "location" : "https://github.com/nathanborror/swift-ollama",
      "state" : {
        "branch" : "main",
        "revision" : "b55c01380f253f8ee83e61f5e4d73a6232cd4fb9"
      }
    },
    {
      "identity" : "swift-openai",
      "kind" : "remoteSourceControl",
      "location" : "https://github.com/nathanborror/swift-openai",
      "state" : {
        "branch" : "main",
        "revision" : "9816d58d54eeac2af9fe1de2dcd8928a79b02cbb"
      }
    },
    {
      "identity" : "swift-perplexity",
      "kind" : "remoteSourceControl",
      "location" : "https://github.com/nathanborror/swift-perplexity",
      "state" : {
        "branch" : "main",
        "revision" : "080a99cdb33c91b7dbbff70d84d4be27668d1707"
      }
    },
    {
      "identity" : "swift-sharedkit",
      "kind" : "remoteSourceControl",
      "location" : "https://github.com/nathanborror/swift-sharedkit",
      "state" : {
        "branch" : "main",
        "revision" : "f5ec85538e8c04430b6755c5cf9ea984ae885892"
      }
    }
  ],
  "version" : 2
}
