{
  "pins" : [
    {
      "identity" : "swift-anthropic",
      "kind" : "remoteSourceControl",
      "location" : "https://github.com/nathanborror/swift-anthropic",
      "state" : {
        "branch" : "main",
        "revision" : "70a2678ab6f02766f98f9d527e33f8d80eac78d5"
      }
    },
    {
      "identity" : "swift-argument-parser",
      "kind" : "remoteSourceControl",
      "location" : "https://github.com/apple/swift-argument-parser",
      "state" : {
        "branch" : "main",
        "revision" : "6c7ec363da47357aaf1f2f423d30117ff077f696"
      }
    },
    {
      "identity" : "swift-gen-kit",
      "kind" : "remoteSourceControl",
      "location" : "https://github.com/nathanborror/swift-gen-kit",
      "state" : {
        "branch" : "main",
        "revision" : "9a255a5e0cc9aaf0b85b36562794bee848016b28"
      }
    },
    {
      "identity" : "swift-mistral",
      "kind" : "remoteSourceControl",
      "location" : "https://github.com/nathanborror/swift-mistral",
      "state" : {
        "branch" : "main",
        "revision" : "0e804924cf64cacf06cd6ba9039f403a197164aa"
      }
    },
    {
      "identity" : "swift-ollama",
      "kind" : "remoteSourceControl",
      "location" : "https://github.com/nathanborror/swift-ollama",
      "state" : {
        "branch" : "main",
        "revision" : "8c255c94a136ea2d636b166dff20b85e5f0ff2e6"
      }
    },
    {
      "identity" : "swift-openai",
      "kind" : "remoteSourceControl",
      "location" : "https://github.com/nathanborror/swift-openai",
      "state" : {
        "branch" : "main",
        "revision" : "9816d58d54eeac2af9fe1de2dcd8928a79b02cbb"
      }
    },
    {
      "identity" : "swift-perplexity",
      "kind" : "remoteSourceControl",
      "location" : "https://github.com/nathanborror/swift-perplexity",
      "state" : {
        "branch" : "main",
        "revision" : "080a99cdb33c91b7dbbff70d84d4be27668d1707"
      }
    },
    {
      "identity" : "swift-shared-kit",
      "kind" : "remoteSourceControl",
      "location" : "https://github.com/nathanborror/swift-shared-kit",
      "state" : {
        "branch" : "main",
        "revision" : "0ec91e139cf30b6a65dba6fbda61eac0454ea579"
      }
    }
  ],
  "version" : 2
}
