// !$*UTF8*$!
{
	archiveVersion = 1;
	classes = {
	};
	objectVersion = 56;
	objects = {

/* Begin PBXBuildFile section */
		D4017C8D2B6EEF70001CE137 /* Squircle.swift in Sources */ = {isa = PBXBuildFile; fileRef = D4017C8C2B6EEF70001CE137 /* Squircle.swift */; };
		D41E191F2AE45C9B002516C1 /* App-macOS.swift in Sources */ = {isa = PBXBuildFile; fileRef = D41E191E2AE45C9B002516C1 /* App-macOS.swift */; platformFilters = (macos, ); };
		D41E19232AE45C9C002516C1 /* Assets.xcassets in Resources */ = {isa = PBXBuildFile; fileRef = D41E19222AE45C9C002516C1 /* Assets.xcassets */; };
		D41E19322AE467F5002516C1 /* HeatKit in Frameworks */ = {isa = PBXBuildFile; productRef = D41E19312AE467F5002516C1 /* HeatKit */; };
		D41E19352AE4C665002516C1 /* InstructionForm.swift in Sources */ = {isa = PBXBuildFile; fileRef = D41E19342AE4C665002516C1 /* InstructionForm.swift */; };
		D41E193B2AE4C759002516C1 /* ConversationView.swift in Sources */ = {isa = PBXBuildFile; fileRef = D41E193A2AE4C759002516C1 /* ConversationView.swift */; };
		D41E193E2AE4CD20002516C1 /* PictureView.swift in Sources */ = {isa = PBXBuildFile; fileRef = D41E193D2AE4CD20002516C1 /* PictureView.swift */; };
		D41E19402AE4CD4F002516C1 /* VideoView.swift in Sources */ = {isa = PBXBuildFile; fileRef = D41E193F2AE4CD4F002516C1 /* VideoView.swift */; };
		D41E194C2AE591EA002516C1 /* GeneralView.swift in Sources */ = {isa = PBXBuildFile; fileRef = D41E194B2AE591EA002516C1 /* GeneralView.swift */; };
		D45CC1FA2B8A5C1A009DFDF4 /* Suggestions.swift in Sources */ = {isa = PBXBuildFile; fileRef = D45CC1F92B8A5C1A009DFDF4 /* Suggestions.swift */; };
		D4713D702AEAB9670005597E /* Operators.swift in Sources */ = {isa = PBXBuildFile; fileRef = D4713D6F2AEAB9670005597E /* Operators.swift */; };
		D4A2C5672B8BF9CE0004F27B /* MarkdownUI+.swift in Sources */ = {isa = PBXBuildFile; fileRef = D4A2C5662B8BF9CE0004F27B /* MarkdownUI+.swift */; };
		D4B2D2692B6563DB0017FB52 /* MessageField.swift in Sources */ = {isa = PBXBuildFile; fileRef = D4B2D2682B6563DB0017FB52 /* MessageField.swift */; };
		D4B4F9282C8BB17A00C82284 /* RenderReflection.swift in Sources */ = {isa = PBXBuildFile; fileRef = D4B4F9272C8BB17A00C82284 /* RenderReflection.swift */; };
		D4C68E942BCC8AC500EFEF24 /* ImagePicker.swift in Sources */ = {isa = PBXBuildFile; fileRef = D4C68E932BCC8AC500EFEF24 /* ImagePicker.swift */; };
		D4EDDC812D5E91190079D53E /* Message+.swift in Sources */ = {isa = PBXBuildFile; fileRef = D4EDDC802D5E91190079D53E /* Message+.swift */; };
		D4F518BD2CAF47CE005E147E /* MessageList.swift in Sources */ = {isa = PBXBuildFile; fileRef = D4F518BC2CAF47CE005E147E /* MessageList.swift */; };
		D4F518BF2CAF8BA8005E147E /* RenderOutput.swift in Sources */ = {isa = PBXBuildFile; fileRef = D4F518BE2CAF8BA8005E147E /* RenderOutput.swift */; };
		D4FB72652DC01C46008CC1DF /* FileRow-iOS.swift in Sources */ = {isa = PBXBuildFile; fileRef = D4FB72642DC01C46008CC1DF /* FileRow-iOS.swift */; platformFilter = ios; };
		D4FB72672DC01C4C008CC1DF /* FileRow-macOS.swift in Sources */ = {isa = PBXBuildFile; fileRef = D4FB72662DC01C4C008CC1DF /* FileRow-macOS.swift */; platformFilters = (macos, ); };
		D4FB72692DC01F4B008CC1DF /* FileDetail.swift in Sources */ = {isa = PBXBuildFile; fileRef = D4FB72682DC01F4B008CC1DF /* FileDetail.swift */; };
		D4FB726B2DC02813008CC1DF /* FileForm.swift in Sources */ = {isa = PBXBuildFile; fileRef = D4FB726A2DC02813008CC1DF /* FileForm.swift */; };
		D4FB726E2DC03772008CC1DF /* DocumentView.swift in Sources */ = {isa = PBXBuildFile; fileRef = D4FB726D2DC03772008CC1DF /* DocumentView.swift */; };
		D4FB727D2DC037BF008CC1DF /* RoleAttachment.swift in Sources */ = {isa = PBXBuildFile; fileRef = D4FB72722DC037BF008CC1DF /* RoleAttachment.swift */; };
		D4FB727E2DC037BF008CC1DF /* MagicEditor+SwiftUI.swift in Sources */ = {isa = PBXBuildFile; fileRef = D4FB72782DC037BF008CC1DF /* MagicEditor+SwiftUI.swift */; };
		D4FB727F2DC037BF008CC1DF /* RoleFragment.swift in Sources */ = {isa = PBXBuildFile; fileRef = D4FB72742DC037BF008CC1DF /* RoleFragment.swift */; };
		D4FB72802DC037BF008CC1DF /* MagicContextMenu.swift in Sources */ = {isa = PBXBuildFile; fileRef = D4FB727B2DC037BF008CC1DF /* MagicContextMenu.swift */; };
		D4FB72812DC037BF008CC1DF /* MagicEditor-macOS.swift in Sources */ = {isa = PBXBuildFile; fileRef = D4FB72772DC037BF008CC1DF /* MagicEditor-macOS.swift */; platformFilters = (macos, ); };
		D4FB72822DC037BF008CC1DF /* MagicEditorManager.swift in Sources */ = {isa = PBXBuildFile; fileRef = D4FB72792DC037BF008CC1DF /* MagicEditorManager.swift */; };
		D4FB72832DC037BF008CC1DF /* MagicFunctions.swift in Sources */ = {isa = PBXBuildFile; fileRef = D4FB727A2DC037BF008CC1DF /* MagicFunctions.swift */; };
		D4FB72842DC037BF008CC1DF /* ArticleAttachment.swift in Sources */ = {isa = PBXBuildFile; fileRef = D4FB72702DC037BF008CC1DF /* ArticleAttachment.swift */; };
		D4FB72852DC037BF008CC1DF /* MagicAttachment.swift in Sources */ = {isa = PBXBuildFile; fileRef = D4FB72712DC037BF008CC1DF /* MagicAttachment.swift */; };
		D4FB72862DC037BF008CC1DF /* MagicEditor-iOS.swift in Sources */ = {isa = PBXBuildFile; fileRef = D4FB72762DC037BF008CC1DF /* MagicEditor-iOS.swift */; platformFilter = ios; };
		D4FB72882DC04151008CC1DF /* DocumentViewModel.swift in Sources */ = {isa = PBXBuildFile; fileRef = D4FB72872DC04151008CC1DF /* DocumentViewModel.swift */; };
		D4FBFBEA2CED03E100266BF1 /* App-iOS.swift in Sources */ = {isa = PBXBuildFile; fileRef = D4FBFBE92CED03E100266BF1 /* App-iOS.swift */; platformFilter = ios; };
		D4FECDD32B817A3900E1BA13 /* HapticManager.swift in Sources */ = {isa = PBXBuildFile; fileRef = D4FECDD22B817A3900E1BA13 /* HapticManager.swift */; };
		D8015CC72CB8EDBF0068749D /* MessageInstructions.swift in Sources */ = {isa = PBXBuildFile; fileRef = D8015CC62CB8EDBF0068749D /* MessageInstructions.swift */; };
		D8015CC92CB8F4D60068749D /* RenderAnyTag.swift in Sources */ = {isa = PBXBuildFile; fileRef = D8015CC82CB8F4D60068749D /* RenderAnyTag.swift */; };
		D80F73B62C95F0E0001B2778 /* AttributedString+.swift in Sources */ = {isa = PBXBuildFile; fileRef = D80F73B52C95F0E0001B2778 /* AttributedString+.swift */; };
		D816DE7E2C7F9C6000F9D44F /* Modifiers.swift in Sources */ = {isa = PBXBuildFile; fileRef = D816DE7D2C7F9C6000F9D44F /* Modifiers.swift */; };
		D8247E2E2BD41C3A00D918C0 /* MemoryList.swift in Sources */ = {isa = PBXBuildFile; fileRef = D8247E2D2BD41C3A00D918C0 /* MemoryList.swift */; };
		D8271A5A2C7A4E3E008C345B /* Highlightr in Frameworks */ = {isa = PBXBuildFile; productRef = D8271A592C7A4E3E008C345B /* Highlightr */; };
		D8271A5C2C7A4E83008C345B /* CodeHighlighter.swift in Sources */ = {isa = PBXBuildFile; fileRef = D8271A5B2C7A4E83008C345B /* CodeHighlighter.swift */; };
		D8271A5E2C7A4F64008C345B /* CodeBlockView.swift in Sources */ = {isa = PBXBuildFile; fileRef = D8271A5D2C7A4F64008C345B /* CodeBlockView.swift */; };
		D8271A602C7CD5C3008C345B /* MemoryForm.swift in Sources */ = {isa = PBXBuildFile; fileRef = D8271A5F2C7CD5C3008C345B /* MemoryForm.swift */; };
		D838D6A72B0A65F100988FDD /* ConversationViewModel.swift in Sources */ = {isa = PBXBuildFile; fileRef = D838D6A62B0A65F100988FDD /* ConversationViewModel.swift */; };
		D85FAE002C8402AC00DA153F /* RenderTag.swift in Sources */ = {isa = PBXBuildFile; fileRef = D85FADFF2C8402AC00DA153F /* RenderTag.swift */; };
		D85FAE022C84052900DA153F /* RenderText.swift in Sources */ = {isa = PBXBuildFile; fileRef = D85FAE012C84052900DA153F /* RenderText.swift */; };
		D85FAE042C84C7E500DA153F /* RenderImageSearch.swift in Sources */ = {isa = PBXBuildFile; fileRef = D85FAE032C84C7E500DA153F /* RenderImageSearch.swift */; };
		D85FAE062C84C80E00DA153F /* RenderArtifact.swift in Sources */ = {isa = PBXBuildFile; fileRef = D85FAE052C84C80E00DA153F /* RenderArtifact.swift */; };
		D85FAE082C84C83600DA153F /* RenderThinking.swift in Sources */ = {isa = PBXBuildFile; fileRef = D85FAE072C84C83600DA153F /* RenderThinking.swift */; };
		D85FAE452C852E1100DA153F /* ConversationViewInspector.swift in Sources */ = {isa = PBXBuildFile; fileRef = D85FAE442C852E1100DA153F /* ConversationViewInspector.swift */; };
		D85FE37F2C8FCA0B004CA2F3 /* RunView.swift in Sources */ = {isa = PBXBuildFile; fileRef = D85FE37E2C8FCA0B004CA2F3 /* RunView.swift */; };
		D85FE3822C8FDD4F004CA2F3 /* MarkdownUI in Frameworks */ = {isa = PBXBuildFile; productRef = D85FE3812C8FDD4F004CA2F3 /* MarkdownUI */; };
		D884AAF52BD7F50E00B90E9B /* FloatingPanel.swift in Sources */ = {isa = PBXBuildFile; fileRef = D884AAF42BD7F50E00B90E9B /* FloatingPanel.swift */; };
		D884AAF92BD7F54500B90E9B /* VisualEffectView.swift in Sources */ = {isa = PBXBuildFile; fileRef = D884AAF82BD7F54500B90E9B /* VisualEffectView.swift */; };
		D884AAFE2BD9B40000B90E9B /* PermissionList.swift in Sources */ = {isa = PBXBuildFile; fileRef = D884AAFD2BD9B40000B90E9B /* PermissionList.swift */; };
		D884AB002BD9B9DE00B90E9B /* LocationManager.swift in Sources */ = {isa = PBXBuildFile; fileRef = D884AAFF2BD9B9DE00B90E9B /* LocationManager.swift */; };
		D88D23092B3CFB5100CCCC61 /* MessageView.swift in Sources */ = {isa = PBXBuildFile; fileRef = D88D23082B3CFB5100CCCC61 /* MessageView.swift */; };
		D88D230D2B3CFB5D00CCCC61 /* TypingIndicator.swift in Sources */ = {isa = PBXBuildFile; fileRef = D88D230C2B3CFB5D00CCCC61 /* TypingIndicator.swift */; };
		D8B6392F2D46106D000B2A41 /* ServiceOnboarding-iOS.swift in Sources */ = {isa = PBXBuildFile; fileRef = D8B6392E2D46106D000B2A41 /* ServiceOnboarding-iOS.swift */; platformFilter = ios; };
		D8D050AF2CBB1400004C66EE /* ServiceOnboarding-macOS.swift in Sources */ = {isa = PBXBuildFile; fileRef = D8D050AE2CBB1400004C66EE /* ServiceOnboarding-macOS.swift */; platformFilters = (macos, ); };
		D8D145852D0916EE0025ED75 /* Image+.swift in Sources */ = {isa = PBXBuildFile; fileRef = D8D145842D0916EE0025ED75 /* Image+.swift */; };
		D8E1FC182B704CDD006C9366 /* ServiceForm.swift in Sources */ = {isa = PBXBuildFile; fileRef = D8E1FC172B704CDD006C9366 /* ServiceForm.swift */; };
		D8E1FC1A2B704CE3006C9366 /* ServiceView.swift in Sources */ = {isa = PBXBuildFile; fileRef = D8E1FC192B704CE3006C9366 /* ServiceView.swift */; };
		D8F118362CF14BDF005EF99B /* AppState.swift in Sources */ = {isa = PBXBuildFile; fileRef = D8F118352CF14BDF005EF99B /* AppState.swift */; };
		D8F5C1512DBD28EE00E3C1DC /* SettingsView-macOS.swift in Sources */ = {isa = PBXBuildFile; fileRef = D8F5C1502DBD28EE00E3C1DC /* SettingsView-macOS.swift */; platformFilters = (macos, ); };
		D8F5C1542DBD296F00E3C1DC /* GeneralForm.swift in Sources */ = {isa = PBXBuildFile; fileRef = D8F5C1532DBD296F00E3C1DC /* GeneralForm.swift */; };
		D8F5C1572DBD2BFE00E3C1DC /* PermissionsView.swift in Sources */ = {isa = PBXBuildFile; fileRef = D8F5C1562DBD2BFE00E3C1DC /* PermissionsView.swift */; };
		D8F5C1592DBD2C0A00E3C1DC /* PermissionForm.swift in Sources */ = {isa = PBXBuildFile; fileRef = D8F5C1582DBD2C0A00E3C1DC /* PermissionForm.swift */; };
		D8F5C15B2DBD2C8B00E3C1DC /* ServiceManager.swift in Sources */ = {isa = PBXBuildFile; fileRef = D8F5C15A2DBD2C8B00E3C1DC /* ServiceManager.swift */; };
		D8F5C15D2DBD2CA600E3C1DC /* ServiceDefaults.swift in Sources */ = {isa = PBXBuildFile; fileRef = D8F5C15C2DBD2CA600E3C1DC /* ServiceDefaults.swift */; };
		D8F5C15F2DBD2CEB00E3C1DC /* InstructionView.swift in Sources */ = {isa = PBXBuildFile; fileRef = D8F5C15E2DBD2CEB00E3C1DC /* InstructionView.swift */; };
		D8F5C1612DBD2CFB00E3C1DC /* InstructionsManager.swift in Sources */ = {isa = PBXBuildFile; fileRef = D8F5C1602DBD2CFB00E3C1DC /* InstructionsManager.swift */; };
		D8F5C1632DBD4D2A00E3C1DC /* SettingsView-iOS.swift in Sources */ = {isa = PBXBuildFile; fileRef = D8F5C1622DBD4D2A00E3C1DC /* SettingsView-iOS.swift */; };
		D8F5C1662DBE8C0700E3C1DC /* FileList.swift in Sources */ = {isa = PBXBuildFile; fileRef = D8F5C1652DBE8C0700E3C1DC /* FileList.swift */; };
		D8FBB20D2AEDB60700783E9B /* InstructionList.swift in Sources */ = {isa = PBXBuildFile; fileRef = D8FBB20C2AEDB60700783E9B /* InstructionList.swift */; };
/* End PBXBuildFile section */

/* Begin PBXFileReference section */
		D4017C8C2B6EEF70001CE137 /* Squircle.swift */ = {isa = PBXFileReference; lastKnownFileType = sourcecode.swift; path = Squircle.swift; sourceTree = "<group>"; };
		D41E191E2AE45C9B002516C1 /* App-macOS.swift */ = {isa = PBXFileReference; lastKnownFileType = sourcecode.swift; path = "App-macOS.swift"; sourceTree = "<group>"; };
		D41E19222AE45C9C002516C1 /* Assets.xcassets */ = {isa = PBXFileReference; lastKnownFileType = folder.assetcatalog; path = Assets.xcassets; sourceTree = "<group>"; };
		D41E19242AE45C9C002516C1 /* Heat.entitlements */ = {isa = PBXFileReference; lastKnownFileType = text.plist.entitlements; path = Heat.entitlements; sourceTree = "<group>"; };
		D41E192D2AE45CE2002516C1 /* HeatKit */ = {isa = PBXFileReference; lastKnownFileType = wrapper; path = HeatKit; sourceTree = "<group>"; };
		D41E19332AE46D60002516C1 /* Info.plist */ = {isa = PBXFileReference; lastKnownFileType = text.plist.xml; path = Info.plist; sourceTree = "<group>"; };
		D41E19342AE4C665002516C1 /* InstructionForm.swift */ = {isa = PBXFileReference; lastKnownFileType = sourcecode.swift; path = InstructionForm.swift; sourceTree = "<group>"; };
		D41E193A2AE4C759002516C1 /* ConversationView.swift */ = {isa = PBXFileReference; lastKnownFileType = sourcecode.swift; path = ConversationView.swift; sourceTree = "<group>"; };
		D41E193D2AE4CD20002516C1 /* PictureView.swift */ = {isa = PBXFileReference; lastKnownFileType = sourcecode.swift; path = PictureView.swift; sourceTree = "<group>"; };
		D41E193F2AE4CD4F002516C1 /* VideoView.swift */ = {isa = PBXFileReference; lastKnownFileType = sourcecode.swift; path = VideoView.swift; sourceTree = "<group>"; };
		D41E194B2AE591EA002516C1 /* GeneralView.swift */ = {isa = PBXFileReference; lastKnownFileType = sourcecode.swift; path = GeneralView.swift; sourceTree = "<group>"; };
		D45CC1F92B8A5C1A009DFDF4 /* Suggestions.swift */ = {isa = PBXFileReference; lastKnownFileType = sourcecode.swift; path = Suggestions.swift; sourceTree = "<group>"; };
		D4713D6F2AEAB9670005597E /* Operators.swift */ = {isa = PBXFileReference; lastKnownFileType = sourcecode.swift; path = Operators.swift; sourceTree = "<group>"; };
		D4A2C5662B8BF9CE0004F27B /* MarkdownUI+.swift */ = {isa = PBXFileReference; lastKnownFileType = sourcecode.swift; path = "MarkdownUI+.swift"; sourceTree = "<group>"; };
		D4B2D2682B6563DB0017FB52 /* MessageField.swift */ = {isa = PBXFileReference; lastKnownFileType = sourcecode.swift; path = MessageField.swift; sourceTree = "<group>"; };
		D4B4F9272C8BB17A00C82284 /* RenderReflection.swift */ = {isa = PBXFileReference; lastKnownFileType = sourcecode.swift; path = RenderReflection.swift; sourceTree = "<group>"; };
		D4C68E932BCC8AC500EFEF24 /* ImagePicker.swift */ = {isa = PBXFileReference; lastKnownFileType = sourcecode.swift; path = ImagePicker.swift; sourceTree = "<group>"; };
		D4EDDC802D5E91190079D53E /* Message+.swift */ = {isa = PBXFileReference; lastKnownFileType = sourcecode.swift; path = "Message+.swift"; sourceTree = "<group>"; };
		D4F518BC2CAF47CE005E147E /* MessageList.swift */ = {isa = PBXFileReference; lastKnownFileType = sourcecode.swift; path = MessageList.swift; sourceTree = "<group>"; };
		D4F518BE2CAF8BA8005E147E /* RenderOutput.swift */ = {isa = PBXFileReference; lastKnownFileType = sourcecode.swift; path = RenderOutput.swift; sourceTree = "<group>"; };
		D4FB72642DC01C46008CC1DF /* FileRow-iOS.swift */ = {isa = PBXFileReference; lastKnownFileType = sourcecode.swift; path = "FileRow-iOS.swift"; sourceTree = "<group>"; };
		D4FB72662DC01C4C008CC1DF /* FileRow-macOS.swift */ = {isa = PBXFileReference; lastKnownFileType = sourcecode.swift; path = "FileRow-macOS.swift"; sourceTree = "<group>"; };
		D4FB72682DC01F4B008CC1DF /* FileDetail.swift */ = {isa = PBXFileReference; lastKnownFileType = sourcecode.swift; path = FileDetail.swift; sourceTree = "<group>"; };
		D4FB726A2DC02813008CC1DF /* FileForm.swift */ = {isa = PBXFileReference; lastKnownFileType = sourcecode.swift; path = FileForm.swift; sourceTree = "<group>"; };
		D4FB726D2DC03772008CC1DF /* DocumentView.swift */ = {isa = PBXFileReference; lastKnownFileType = sourcecode.swift; path = DocumentView.swift; sourceTree = "<group>"; };
		D4FB72702DC037BF008CC1DF /* ArticleAttachment.swift */ = {isa = PBXFileReference; lastKnownFileType = sourcecode.swift; path = ArticleAttachment.swift; sourceTree = "<group>"; };
		D4FB72712DC037BF008CC1DF /* MagicAttachment.swift */ = {isa = PBXFileReference; lastKnownFileType = sourcecode.swift; path = MagicAttachment.swift; sourceTree = "<group>"; };
		D4FB72722DC037BF008CC1DF /* RoleAttachment.swift */ = {isa = PBXFileReference; lastKnownFileType = sourcecode.swift; path = RoleAttachment.swift; sourceTree = "<group>"; };
		D4FB72742DC037BF008CC1DF /* RoleFragment.swift */ = {isa = PBXFileReference; lastKnownFileType = sourcecode.swift; path = RoleFragment.swift; sourceTree = "<group>"; };
		D4FB72762DC037BF008CC1DF /* MagicEditor-iOS.swift */ = {isa = PBXFileReference; lastKnownFileType = sourcecode.swift; path = "MagicEditor-iOS.swift"; sourceTree = "<group>"; };
		D4FB72772DC037BF008CC1DF /* MagicEditor-macOS.swift */ = {isa = PBXFileReference; lastKnownFileType = sourcecode.swift; path = "MagicEditor-macOS.swift"; sourceTree = "<group>"; };
		D4FB72782DC037BF008CC1DF /* MagicEditor+SwiftUI.swift */ = {isa = PBXFileReference; lastKnownFileType = sourcecode.swift; path = "MagicEditor+SwiftUI.swift"; sourceTree = "<group>"; };
		D4FB72792DC037BF008CC1DF /* MagicEditorManager.swift */ = {isa = PBXFileReference; lastKnownFileType = sourcecode.swift; path = MagicEditorManager.swift; sourceTree = "<group>"; };
		D4FB727A2DC037BF008CC1DF /* MagicFunctions.swift */ = {isa = PBXFileReference; lastKnownFileType = sourcecode.swift; path = MagicFunctions.swift; sourceTree = "<group>"; };
		D4FB727B2DC037BF008CC1DF /* MagicContextMenu.swift */ = {isa = PBXFileReference; lastKnownFileType = sourcecode.swift; path = MagicContextMenu.swift; sourceTree = "<group>"; };
		D4FB72872DC04151008CC1DF /* DocumentViewModel.swift */ = {isa = PBXFileReference; lastKnownFileType = sourcecode.swift; path = DocumentViewModel.swift; sourceTree = "<group>"; };
		D4FBFBE92CED03E100266BF1 /* App-iOS.swift */ = {isa = PBXFileReference; lastKnownFileType = sourcecode.swift; path = "App-iOS.swift"; sourceTree = "<group>"; };
		D4FECDD22B817A3900E1BA13 /* HapticManager.swift */ = {isa = PBXFileReference; lastKnownFileType = sourcecode.swift; path = HapticManager.swift; sourceTree = "<group>"; };
		D800BF8D2D8C73F300CD1D99 /* Heat.app */ = {isa = PBXFileReference; explicitFileType = wrapper.application; includeInIndex = 0; path = Heat.app; sourceTree = BUILT_PRODUCTS_DIR; };
		D8015CC62CB8EDBF0068749D /* MessageInstructions.swift */ = {isa = PBXFileReference; lastKnownFileType = sourcecode.swift; path = MessageInstructions.swift; sourceTree = "<group>"; };
		D8015CC82CB8F4D60068749D /* RenderAnyTag.swift */ = {isa = PBXFileReference; lastKnownFileType = sourcecode.swift; path = RenderAnyTag.swift; sourceTree = "<group>"; };
		D80F73B52C95F0E0001B2778 /* AttributedString+.swift */ = {isa = PBXFileReference; lastKnownFileType = sourcecode.swift; path = "AttributedString+.swift"; sourceTree = "<group>"; };
		D816DE7D2C7F9C6000F9D44F /* Modifiers.swift */ = {isa = PBXFileReference; lastKnownFileType = sourcecode.swift; path = Modifiers.swift; sourceTree = "<group>"; };
		D8247E2D2BD41C3A00D918C0 /* MemoryList.swift */ = {isa = PBXFileReference; lastKnownFileType = sourcecode.swift; path = MemoryList.swift; sourceTree = "<group>"; };
		D8271A5B2C7A4E83008C345B /* CodeHighlighter.swift */ = {isa = PBXFileReference; lastKnownFileType = sourcecode.swift; path = CodeHighlighter.swift; sourceTree = "<group>"; };
		D8271A5D2C7A4F64008C345B /* CodeBlockView.swift */ = {isa = PBXFileReference; lastKnownFileType = sourcecode.swift; path = CodeBlockView.swift; sourceTree = "<group>"; };
		D8271A5F2C7CD5C3008C345B /* MemoryForm.swift */ = {isa = PBXFileReference; lastKnownFileType = sourcecode.swift; path = MemoryForm.swift; sourceTree = "<group>"; };
		D838D6A62B0A65F100988FDD /* ConversationViewModel.swift */ = {isa = PBXFileReference; lastKnownFileType = sourcecode.swift; path = ConversationViewModel.swift; sourceTree = "<group>"; };
		D85FADFF2C8402AC00DA153F /* RenderTag.swift */ = {isa = PBXFileReference; lastKnownFileType = sourcecode.swift; path = RenderTag.swift; sourceTree = "<group>"; };
		D85FAE012C84052900DA153F /* RenderText.swift */ = {isa = PBXFileReference; lastKnownFileType = sourcecode.swift; path = RenderText.swift; sourceTree = "<group>"; };
		D85FAE032C84C7E500DA153F /* RenderImageSearch.swift */ = {isa = PBXFileReference; lastKnownFileType = sourcecode.swift; path = RenderImageSearch.swift; sourceTree = "<group>"; };
		D85FAE052C84C80E00DA153F /* RenderArtifact.swift */ = {isa = PBXFileReference; lastKnownFileType = sourcecode.swift; path = RenderArtifact.swift; sourceTree = "<group>"; };
		D85FAE072C84C83600DA153F /* RenderThinking.swift */ = {isa = PBXFileReference; lastKnownFileType = sourcecode.swift; path = RenderThinking.swift; sourceTree = "<group>"; };
		D85FAE442C852E1100DA153F /* ConversationViewInspector.swift */ = {isa = PBXFileReference; lastKnownFileType = sourcecode.swift; path = ConversationViewInspector.swift; sourceTree = "<group>"; };
		D85FE37E2C8FCA0B004CA2F3 /* RunView.swift */ = {isa = PBXFileReference; lastKnownFileType = sourcecode.swift; path = RunView.swift; sourceTree = "<group>"; };
		D884AAF42BD7F50E00B90E9B /* FloatingPanel.swift */ = {isa = PBXFileReference; lastKnownFileType = sourcecode.swift; path = FloatingPanel.swift; sourceTree = "<group>"; };
		D884AAF82BD7F54500B90E9B /* VisualEffectView.swift */ = {isa = PBXFileReference; lastKnownFileType = sourcecode.swift; path = VisualEffectView.swift; sourceTree = "<group>"; };
		D884AAFD2BD9B40000B90E9B /* PermissionList.swift */ = {isa = PBXFileReference; lastKnownFileType = sourcecode.swift; path = PermissionList.swift; sourceTree = "<group>"; };
		D884AAFF2BD9B9DE00B90E9B /* LocationManager.swift */ = {isa = PBXFileReference; lastKnownFileType = sourcecode.swift; path = LocationManager.swift; sourceTree = "<group>"; };
		D88D23082B3CFB5100CCCC61 /* MessageView.swift */ = {isa = PBXFileReference; lastKnownFileType = sourcecode.swift; path = MessageView.swift; sourceTree = "<group>"; };
		D88D230C2B3CFB5D00CCCC61 /* TypingIndicator.swift */ = {isa = PBXFileReference; lastKnownFileType = sourcecode.swift; path = TypingIndicator.swift; sourceTree = "<group>"; };
		D8B6392E2D46106D000B2A41 /* ServiceOnboarding-iOS.swift */ = {isa = PBXFileReference; lastKnownFileType = sourcecode.swift; path = "ServiceOnboarding-iOS.swift"; sourceTree = "<group>"; };
		D8D050AE2CBB1400004C66EE /* ServiceOnboarding-macOS.swift */ = {isa = PBXFileReference; lastKnownFileType = sourcecode.swift; path = "ServiceOnboarding-macOS.swift"; sourceTree = "<group>"; };
		D8D145842D0916EE0025ED75 /* Image+.swift */ = {isa = PBXFileReference; lastKnownFileType = sourcecode.swift; path = "Image+.swift"; sourceTree = "<group>"; };
		D8E1FC172B704CDD006C9366 /* ServiceForm.swift */ = {isa = PBXFileReference; lastKnownFileType = sourcecode.swift; path = ServiceForm.swift; sourceTree = "<group>"; };
		D8E1FC192B704CE3006C9366 /* ServiceView.swift */ = {isa = PBXFileReference; lastKnownFileType = sourcecode.swift; path = ServiceView.swift; sourceTree = "<group>"; };
		D8F118352CF14BDF005EF99B /* AppState.swift */ = {isa = PBXFileReference; lastKnownFileType = sourcecode.swift; path = AppState.swift; sourceTree = "<group>"; };
		D8F5C1502DBD28EE00E3C1DC /* SettingsView-macOS.swift */ = {isa = PBXFileReference; lastKnownFileType = sourcecode.swift; path = "SettingsView-macOS.swift"; sourceTree = "<group>"; };
		D8F5C1532DBD296F00E3C1DC /* GeneralForm.swift */ = {isa = PBXFileReference; lastKnownFileType = sourcecode.swift; path = GeneralForm.swift; sourceTree = "<group>"; };
		D8F5C1562DBD2BFE00E3C1DC /* PermissionsView.swift */ = {isa = PBXFileReference; lastKnownFileType = sourcecode.swift; path = PermissionsView.swift; sourceTree = "<group>"; };
		D8F5C1582DBD2C0A00E3C1DC /* PermissionForm.swift */ = {isa = PBXFileReference; lastKnownFileType = sourcecode.swift; path = PermissionForm.swift; sourceTree = "<group>"; };
		D8F5C15A2DBD2C8B00E3C1DC /* ServiceManager.swift */ = {isa = PBXFileReference; lastKnownFileType = sourcecode.swift; path = ServiceManager.swift; sourceTree = "<group>"; };
		D8F5C15C2DBD2CA600E3C1DC /* ServiceDefaults.swift */ = {isa = PBXFileReference; lastKnownFileType = sourcecode.swift; path = ServiceDefaults.swift; sourceTree = "<group>"; };
		D8F5C15E2DBD2CEB00E3C1DC /* InstructionView.swift */ = {isa = PBXFileReference; lastKnownFileType = sourcecode.swift; path = InstructionView.swift; sourceTree = "<group>"; };
		D8F5C1602DBD2CFB00E3C1DC /* InstructionsManager.swift */ = {isa = PBXFileReference; lastKnownFileType = sourcecode.swift; path = InstructionsManager.swift; sourceTree = "<group>"; };
		D8F5C1622DBD4D2A00E3C1DC /* SettingsView-iOS.swift */ = {isa = PBXFileReference; lastKnownFileType = sourcecode.swift; path = "SettingsView-iOS.swift"; sourceTree = "<group>"; };
		D8F5C1652DBE8C0700E3C1DC /* FileList.swift */ = {isa = PBXFileReference; lastKnownFileType = sourcecode.swift; path = FileList.swift; sourceTree = "<group>"; };
		D8FBB20C2AEDB60700783E9B /* InstructionList.swift */ = {isa = PBXFileReference; fileEncoding = 4; lastKnownFileType = sourcecode.swift; path = InstructionList.swift; sourceTree = "<group>"; };
/* End PBXFileReference section */

/* Begin PBXFrameworksBuildPhase section */
		D41E19182AE45C9B002516C1 /* Frameworks */ = {
			isa = PBXFrameworksBuildPhase;
			buildActionMask = 2147483647;
			files = (
				D8271A5A2C7A4E3E008C345B /* Highlightr in Frameworks */,
				D41E19322AE467F5002516C1 /* HeatKit in Frameworks */,
				D85FE3822C8FDD4F004CA2F3 /* MarkdownUI in Frameworks */,
			);
			runOnlyForDeploymentPostprocessing = 0;
		};
/* End PBXFrameworksBuildPhase section */

/* Begin PBXGroup section */
		D4017C8E2B6EEF9E001CE137 /* Extensions */ = {
			isa = PBXGroup;
			children = (
				D80F73B52C95F0E0001B2778 /* AttributedString+.swift */,
				D4A2C5662B8BF9CE0004F27B /* MarkdownUI+.swift */,
				D8D145842D0916EE0025ED75 /* Image+.swift */,
				D4EDDC802D5E91190079D53E /* Message+.swift */,
			);
			path = Extensions;
			sourceTree = "<group>";
		};
		D41E19122AE45C9B002516C1 = {
			isa = PBXGroup;
			children = (
				D41E191D2AE45C9B002516C1 /* Heat */,
				D41E192D2AE45CE2002516C1 /* HeatKit */,
				D800BF8D2D8C73F300CD1D99 /* Heat.app */,
			);
			sourceTree = "<group>";
		};
		D41E191D2AE45C9B002516C1 /* Heat */ = {
			isa = PBXGroup;
			children = (
				D8F118352CF14BDF005EF99B /* AppState.swift */,
				D41E191E2AE45C9B002516C1 /* App-macOS.swift */,
				D4FBFBE92CED03E100266BF1 /* App-iOS.swift */,
				D8F5C1642DBE8BF400E3C1DC /* Files */,
				D8E1FC162B704CD2006C9366 /* Settings */,
				D41E193C2AE4CD12002516C1 /* Shared */,
				D41E192E2AE45D70002516C1 /* Resources */,
			);
			path = Heat;
			sourceTree = "<group>";
		};
		D41E192E2AE45D70002516C1 /* Resources */ = {
			isa = PBXGroup;
			children = (
				D41E19332AE46D60002516C1 /* Info.plist */,
				D41E19222AE45C9C002516C1 /* Assets.xcassets */,
				D41E19242AE45C9C002516C1 /* Heat.entitlements */,
			);
			path = Resources;
			sourceTree = "<group>";
		};
		D41E193C2AE4CD12002516C1 /* Shared */ = {
			isa = PBXGroup;
			children = (
				D4FB726F2DC03794008CC1DF /* MagicEditor */,
				D88D23072B3CFB2C00CCCC61 /* Views */,
				D4017C8E2B6EEF9E001CE137 /* Extensions */,
				D4C68E932BCC8AC500EFEF24 /* ImagePicker.swift */,
				D4713D6F2AEAB9670005597E /* Operators.swift */,
				D4FECDD22B817A3900E1BA13 /* HapticManager.swift */,
				D884AAF42BD7F50E00B90E9B /* FloatingPanel.swift */,
				D884AAFF2BD9B9DE00B90E9B /* LocationManager.swift */,
				D8271A5B2C7A4E83008C345B /* CodeHighlighter.swift */,
			);
			path = Shared;
			sourceTree = "<group>";
		};
		D41E19492AE58D1B002516C1 /* Instructions */ = {
			isa = PBXGroup;
			children = (
				D8F5C1602DBD2CFB00E3C1DC /* InstructionsManager.swift */,
				D8F5C15E2DBD2CEB00E3C1DC /* InstructionView.swift */,
				D41E19342AE4C665002516C1 /* InstructionForm.swift */,
				D8FBB20C2AEDB60700783E9B /* InstructionList.swift */,
			);
			path = Instructions;
			sourceTree = "<group>";
		};
		D41E194A2AE58D29002516C1 /* Conversations */ = {
			isa = PBXGroup;
			children = (
				D8A49C662D1E7D40000FB65D /* Renderers */,
				D8A2693B2C782F9000D72F87 /* Messages */,
				D4A2C56C2B8BFA830004F27B /* Views */,
				D41E193A2AE4C759002516C1 /* ConversationView.swift */,
				D838D6A62B0A65F100988FDD /* ConversationViewModel.swift */,
				D85FAE442C852E1100DA153F /* ConversationViewInspector.swift */,
			);
			path = Conversations;
			sourceTree = "<group>";
		};
		D4A2C56C2B8BFA830004F27B /* Views */ = {
			isa = PBXGroup;
			children = (
				D45CC1F92B8A5C1A009DFDF4 /* Suggestions.swift */,
				D88D230C2B3CFB5D00CCCC61 /* TypingIndicator.swift */,
				D85FE37E2C8FCA0B004CA2F3 /* RunView.swift */,
			);
			path = Views;
			sourceTree = "<group>";
		};
		D4FB72632DC01C3D008CC1DF /* Views */ = {
			isa = PBXGroup;
			children = (
				D4FB72642DC01C46008CC1DF /* FileRow-iOS.swift */,
				D4FB72662DC01C4C008CC1DF /* FileRow-macOS.swift */,
			);
			path = Views;
			sourceTree = "<group>";
		};
		D4FB726C2DC03755008CC1DF /* Documents */ = {
			isa = PBXGroup;
			children = (
				D4FB726D2DC03772008CC1DF /* DocumentView.swift */,
				D4FB72872DC04151008CC1DF /* DocumentViewModel.swift */,
			);
			path = Documents;
			sourceTree = "<group>";
		};
		D4FB726F2DC03794008CC1DF /* MagicEditor */ = {
			isa = PBXGroup;
			children = (
				D4FB72732DC037BF008CC1DF /* Attachments */,
				D4FB72752DC037BF008CC1DF /* Fragments */,
				D4FB727C2DC037BF008CC1DF /* Views */,
				D4FB72762DC037BF008CC1DF /* MagicEditor-iOS.swift */,
				D4FB72772DC037BF008CC1DF /* MagicEditor-macOS.swift */,
				D4FB72782DC037BF008CC1DF /* MagicEditor+SwiftUI.swift */,
				D4FB72792DC037BF008CC1DF /* MagicEditorManager.swift */,
				D4FB727A2DC037BF008CC1DF /* MagicFunctions.swift */,
			);
			path = MagicEditor;
			sourceTree = "<group>";
		};
		D4FB72732DC037BF008CC1DF /* Attachments */ = {
			isa = PBXGroup;
			children = (
				D4FB72702DC037BF008CC1DF /* ArticleAttachment.swift */,
				D4FB72712DC037BF008CC1DF /* MagicAttachment.swift */,
				D4FB72722DC037BF008CC1DF /* RoleAttachment.swift */,
			);
			path = Attachments;
			sourceTree = "<group>";
		};
		D4FB72752DC037BF008CC1DF /* Fragments */ = {
			isa = PBXGroup;
			children = (
				D4FB72742DC037BF008CC1DF /* RoleFragment.swift */,
			);
			path = Fragments;
			sourceTree = "<group>";
		};
		D4FB727C2DC037BF008CC1DF /* Views */ = {
			isa = PBXGroup;
			children = (
				D4FB727B2DC037BF008CC1DF /* MagicContextMenu.swift */,
			);
			path = Views;
			sourceTree = "<group>";
		};
		D8247E2C2BD41C3100D918C0 /* Memory */ = {
			isa = PBXGroup;
			children = (
				D8247E2D2BD41C3A00D918C0 /* MemoryList.swift */,
				D8271A5F2C7CD5C3008C345B /* MemoryForm.swift */,
			);
			path = Memory;
			sourceTree = "<group>";
		};
		D88D23072B3CFB2C00CCCC61 /* Views */ = {
			isa = PBXGroup;
			children = (
				D4017C8C2B6EEF70001CE137 /* Squircle.swift */,
				D41E193D2AE4CD20002516C1 /* PictureView.swift */,
				D41E193F2AE4CD4F002516C1 /* VideoView.swift */,
				D816DE7D2C7F9C6000F9D44F /* Modifiers.swift */,
				D884AAF82BD7F54500B90E9B /* VisualEffectView.swift */,
				D8271A5D2C7A4F64008C345B /* CodeBlockView.swift */,
			);
			path = Views;
			sourceTree = "<group>";
		};
		D8A2693B2C782F9000D72F87 /* Messages */ = {
			isa = PBXGroup;
			children = (
				D4F518BC2CAF47CE005E147E /* MessageList.swift */,
				D88D23082B3CFB5100CCCC61 /* MessageView.swift */,
				D4B2D2682B6563DB0017FB52 /* MessageField.swift */,
				D8015CC62CB8EDBF0068749D /* MessageInstructions.swift */,
			);
			path = Messages;
			sourceTree = "<group>";
		};
		D8A49C662D1E7D40000FB65D /* Renderers */ = {
			isa = PBXGroup;
			children = (
				D85FAE012C84052900DA153F /* RenderText.swift */,
				D85FADFF2C8402AC00DA153F /* RenderTag.swift */,
				D85FAE072C84C83600DA153F /* RenderThinking.swift */,
				D85FAE052C84C80E00DA153F /* RenderArtifact.swift */,
				D85FAE032C84C7E500DA153F /* RenderImageSearch.swift */,
				D4B4F9272C8BB17A00C82284 /* RenderReflection.swift */,
				D4F518BE2CAF8BA8005E147E /* RenderOutput.swift */,
				D8015CC82CB8F4D60068749D /* RenderAnyTag.swift */,
			);
			path = Renderers;
			sourceTree = "<group>";
		};
		D8B639302D46108A000B2A41 /* Services */ = {
			isa = PBXGroup;
			children = (
				D8F5C15A2DBD2C8B00E3C1DC /* ServiceManager.swift */,
				D8E1FC192B704CE3006C9366 /* ServiceView.swift */,
				D8E1FC172B704CDD006C9366 /* ServiceForm.swift */,
				D8F5C15C2DBD2CA600E3C1DC /* ServiceDefaults.swift */,
				D8D050AE2CBB1400004C66EE /* ServiceOnboarding-macOS.swift */,
				D8B6392E2D46106D000B2A41 /* ServiceOnboarding-iOS.swift */,
			);
			path = Services;
			sourceTree = "<group>";
		};
		D8E1FC162B704CD2006C9366 /* Settings */ = {
			isa = PBXGroup;
			children = (
				D8F5C1522DBD291700E3C1DC /* General */,
				D8F5C1552DBD2BEA00E3C1DC /* Permissions */,
				D8B639302D46108A000B2A41 /* Services */,
				D41E19492AE58D1B002516C1 /* Instructions */,
				D8247E2C2BD41C3100D918C0 /* Memory */,
				D8F5C1502DBD28EE00E3C1DC /* SettingsView-macOS.swift */,
				D8F5C1622DBD4D2A00E3C1DC /* SettingsView-iOS.swift */,
			);
			path = Settings;
			sourceTree = "<group>";
		};
		D8F5C1522DBD291700E3C1DC /* General */ = {
			isa = PBXGroup;
			children = (
				D41E194B2AE591EA002516C1 /* GeneralView.swift */,
				D8F5C1532DBD296F00E3C1DC /* GeneralForm.swift */,
			);
			path = General;
			sourceTree = "<group>";
		};
		D8F5C1552DBD2BEA00E3C1DC /* Permissions */ = {
			isa = PBXGroup;
			children = (
				D8F5C1562DBD2BFE00E3C1DC /* PermissionsView.swift */,
				D884AAFD2BD9B40000B90E9B /* PermissionList.swift */,
				D8F5C1582DBD2C0A00E3C1DC /* PermissionForm.swift */,
			);
			path = Permissions;
			sourceTree = "<group>";
		};
		D8F5C1642DBE8BF400E3C1DC /* Files */ = {
			isa = PBXGroup;
			children = (
				D4FB72632DC01C3D008CC1DF /* Views */,
				D41E194A2AE58D29002516C1 /* Conversations */,
				D4FB726C2DC03755008CC1DF /* Documents */,
				D8F5C1652DBE8C0700E3C1DC /* FileList.swift */,
				D4FB726A2DC02813008CC1DF /* FileForm.swift */,
				D4FB72682DC01F4B008CC1DF /* FileDetail.swift */,
			);
			path = Files;
			sourceTree = "<group>";
		};
/* End PBXGroup section */

/* Begin PBXNativeTarget section */
		D41E191A2AE45C9B002516C1 /* Heat */ = {
			isa = PBXNativeTarget;
			buildConfigurationList = D41E192A2AE45C9C002516C1 /* Build configuration list for PBXNativeTarget "Heat" */;
			buildPhases = (
				D41E19172AE45C9B002516C1 /* Sources */,
				D41E19182AE45C9B002516C1 /* Frameworks */,
				D41E19192AE45C9B002516C1 /* Resources */,
			);
			buildRules = (
			);
			dependencies = (
			);
			name = Heat;
			packageProductDependencies = (
				D41E19312AE467F5002516C1 /* HeatKit */,
				D8271A592C7A4E3E008C345B /* Highlightr */,
				D85FE3812C8FDD4F004CA2F3 /* MarkdownUI */,
			);
			productName = Heat;
			productReference = D800BF8D2D8C73F300CD1D99 /* Heat.app */;
			productType = "com.apple.product-type.application";
		};
/* End PBXNativeTarget section */

/* Begin PBXProject section */
		D41E19132AE45C9B002516C1 /* Project object */ = {
			isa = PBXProject;
			attributes = {
				BuildIndependentTargetsInParallel = 1;
				LastSwiftUpdateCheck = 1500;
				LastUpgradeCheck = 1630;
				TargetAttributes = {
					D41E191A2AE45C9B002516C1 = {
						CreatedOnToolsVersion = 15.0.1;
					};
				};
			};
			buildConfigurationList = D41E19162AE45C9B002516C1 /* Build configuration list for PBXProject "Heat" */;
			compatibilityVersion = "Xcode 14.0";
			developmentRegion = en;
			hasScannedForEncodings = 0;
			knownRegions = (
				en,
				Base,
			);
			mainGroup = D41E19122AE45C9B002516C1;
			packageReferences = (
				D8271A582C7A4E3E008C345B /* XCRemoteSwiftPackageReference "Highlightr" */,
				D85FE3802C8FDD4F004CA2F3 /* XCRemoteSwiftPackageReference "swift-markdown-ui" */,
			);
			productRefGroup = D41E19122AE45C9B002516C1;
			projectDirPath = "";
			projectRoot = "";
			targets = (
				D41E191A2AE45C9B002516C1 /* Heat */,
			);
		};
/* End PBXProject section */

/* Begin PBXResourcesBuildPhase section */
		D41E19192AE45C9B002516C1 /* Resources */ = {
			isa = PBXResourcesBuildPhase;
			buildActionMask = 2147483647;
			files = (
				D41E19232AE45C9C002516C1 /* Assets.xcassets in Resources */,
			);
			runOnlyForDeploymentPostprocessing = 0;
		};
/* End PBXResourcesBuildPhase section */

/* Begin PBXSourcesBuildPhase section */
		D41E19172AE45C9B002516C1 /* Sources */ = {
			isa = PBXSourcesBuildPhase;
			buildActionMask = 2147483647;
			files = (
				D4FB72672DC01C4C008CC1DF /* FileRow-macOS.swift in Sources */,
				D8271A5C2C7A4E83008C345B /* CodeHighlighter.swift in Sources */,
				D4EDDC812D5E91190079D53E /* Message+.swift in Sources */,
				D85FE37F2C8FCA0B004CA2F3 /* RunView.swift in Sources */,
				D8F5C1572DBD2BFE00E3C1DC /* PermissionsView.swift in Sources */,
				D8F118362CF14BDF005EF99B /* AppState.swift in Sources */,
				D8F5C1632DBD4D2A00E3C1DC /* SettingsView-iOS.swift in Sources */,
				D884AAF52BD7F50E00B90E9B /* FloatingPanel.swift in Sources */,
				D8F5C1612DBD2CFB00E3C1DC /* InstructionsManager.swift in Sources */,
				D8E1FC182B704CDD006C9366 /* ServiceForm.swift in Sources */,
				D8FBB20D2AEDB60700783E9B /* InstructionList.swift in Sources */,
				D884AAF92BD7F54500B90E9B /* VisualEffectView.swift in Sources */,
				D4A2C5672B8BF9CE0004F27B /* MarkdownUI+.swift in Sources */,
				D816DE7E2C7F9C6000F9D44F /* Modifiers.swift in Sources */,
				D4FB72692DC01F4B008CC1DF /* FileDetail.swift in Sources */,
				D8F5C15F2DBD2CEB00E3C1DC /* InstructionView.swift in Sources */,
				D8F5C1662DBE8C0700E3C1DC /* FileList.swift in Sources */,
				D4FBFBEA2CED03E100266BF1 /* App-iOS.swift in Sources */,
				D8F5C15D2DBD2CA600E3C1DC /* ServiceDefaults.swift in Sources */,
				D884AAFE2BD9B40000B90E9B /* PermissionList.swift in Sources */,
				D4F518BD2CAF47CE005E147E /* MessageList.swift in Sources */,
				D8D050AF2CBB1400004C66EE /* ServiceOnboarding-macOS.swift in Sources */,
				D85FAE062C84C80E00DA153F /* RenderArtifact.swift in Sources */,
				D8247E2E2BD41C3A00D918C0 /* MemoryList.swift in Sources */,
				D838D6A72B0A65F100988FDD /* ConversationViewModel.swift in Sources */,
				D8F5C1592DBD2C0A00E3C1DC /* PermissionForm.swift in Sources */,
				D85FAE002C8402AC00DA153F /* RenderTag.swift in Sources */,
				D41E191F2AE45C9B002516C1 /* App-macOS.swift in Sources */,
				D8271A5E2C7A4F64008C345B /* CodeBlockView.swift in Sources */,
				D41E19402AE4CD4F002516C1 /* VideoView.swift in Sources */,
				D884AB002BD9B9DE00B90E9B /* LocationManager.swift in Sources */,
				D4B2D2692B6563DB0017FB52 /* MessageField.swift in Sources */,
				D8B6392F2D46106D000B2A41 /* ServiceOnboarding-iOS.swift in Sources */,
				D8015CC92CB8F4D60068749D /* RenderAnyTag.swift in Sources */,
				D4C68E942BCC8AC500EFEF24 /* ImagePicker.swift in Sources */,
				D4FB726E2DC03772008CC1DF /* DocumentView.swift in Sources */,
				D8E1FC1A2B704CE3006C9366 /* ServiceView.swift in Sources */,
				D8271A602C7CD5C3008C345B /* MemoryForm.swift in Sources */,
				D80F73B62C95F0E0001B2778 /* AttributedString+.swift in Sources */,
				D8F5C1512DBD28EE00E3C1DC /* SettingsView-macOS.swift in Sources */,
				D4FB727D2DC037BF008CC1DF /* RoleAttachment.swift in Sources */,
				D4FB727E2DC037BF008CC1DF /* MagicEditor+SwiftUI.swift in Sources */,
				D4FB727F2DC037BF008CC1DF /* RoleFragment.swift in Sources */,
				D4FB72802DC037BF008CC1DF /* MagicContextMenu.swift in Sources */,
				D4FB72812DC037BF008CC1DF /* MagicEditor-macOS.swift in Sources */,
				D4FB72822DC037BF008CC1DF /* MagicEditorManager.swift in Sources */,
				D4FB72832DC037BF008CC1DF /* MagicFunctions.swift in Sources */,
				D4FB72842DC037BF008CC1DF /* ArticleAttachment.swift in Sources */,
				D4FB72852DC037BF008CC1DF /* MagicAttachment.swift in Sources */,
				D4FB72862DC037BF008CC1DF /* MagicEditor-iOS.swift in Sources */,
				D85FAE022C84052900DA153F /* RenderText.swift in Sources */,
				D85FAE082C84C83600DA153F /* RenderThinking.swift in Sources */,
				D4713D702AEAB9670005597E /* Operators.swift in Sources */,
				D85FAE042C84C7E500DA153F /* RenderImageSearch.swift in Sources */,
				D8F5C1542DBD296F00E3C1DC /* GeneralForm.swift in Sources */,
				D41E193E2AE4CD20002516C1 /* PictureView.swift in Sources */,
				D41E193B2AE4C759002516C1 /* ConversationView.swift in Sources */,
				D88D23092B3CFB5100CCCC61 /* MessageView.swift in Sources */,
				D4F518BF2CAF8BA8005E147E /* RenderOutput.swift in Sources */,
				D4FECDD32B817A3900E1BA13 /* HapticManager.swift in Sources */,
				D4FB72882DC04151008CC1DF /* DocumentViewModel.swift in Sources */,
				D4B4F9282C8BB17A00C82284 /* RenderReflection.swift in Sources */,
				D4017C8D2B6EEF70001CE137 /* Squircle.swift in Sources */,
				D8D145852D0916EE0025ED75 /* Image+.swift in Sources */,
				D4FB726B2DC02813008CC1DF /* FileForm.swift in Sources */,
				D4FB72652DC01C46008CC1DF /* FileRow-iOS.swift in Sources */,
				D41E19352AE4C665002516C1 /* InstructionForm.swift in Sources */,
				D88D230D2B3CFB5D00CCCC61 /* TypingIndicator.swift in Sources */,
				D41E194C2AE591EA002516C1 /* GeneralView.swift in Sources */,
				D85FAE452C852E1100DA153F /* ConversationViewInspector.swift in Sources */,
				D8015CC72CB8EDBF0068749D /* MessageInstructions.swift in Sources */,
				D45CC1FA2B8A5C1A009DFDF4 /* Suggestions.swift in Sources */,
				D8F5C15B2DBD2C8B00E3C1DC /* ServiceManager.swift in Sources */,
			);
			runOnlyForDeploymentPostprocessing = 0;
		};
/* End PBXSourcesBuildPhase section */

/* Begin XCBuildConfiguration section */
		D41E19282AE45C9C002516C1 /* Debug */ = {
			isa = XCBuildConfiguration;
			buildSettings = {
				ALWAYS_SEARCH_USER_PATHS = NO;
				ASSETCATALOG_COMPILER_GENERATE_SWIFT_ASSET_SYMBOL_EXTENSIONS = YES;
				CLANG_ANALYZER_NONNULL = YES;
				CLANG_ANALYZER_NUMBER_OBJECT_CONVERSION = YES_AGGRESSIVE;
				CLANG_CXX_LANGUAGE_STANDARD = "gnu++20";
				CLANG_ENABLE_MODULES = YES;
				CLANG_ENABLE_OBJC_ARC = YES;
				CLANG_ENABLE_OBJC_WEAK = YES;
				CLANG_WARN_BLOCK_CAPTURE_AUTORELEASING = YES;
				CLANG_WARN_BOOL_CONVERSION = YES;
				CLANG_WARN_COMMA = YES;
				CLANG_WARN_CONSTANT_CONVERSION = YES;
				CLANG_WARN_DEPRECATED_OBJC_IMPLEMENTATIONS = YES;
				CLANG_WARN_DIRECT_OBJC_ISA_USAGE = YES_ERROR;
				CLANG_WARN_DOCUMENTATION_COMMENTS = YES;
				CLANG_WARN_EMPTY_BODY = YES;
				CLANG_WARN_ENUM_CONVERSION = YES;
				CLANG_WARN_INFINITE_RECURSION = YES;
				CLANG_WARN_INT_CONVERSION = YES;
				CLANG_WARN_NON_LITERAL_NULL_CONVERSION = YES;
				CLANG_WARN_OBJC_IMPLICIT_RETAIN_SELF = YES;
				CLANG_WARN_OBJC_LITERAL_CONVERSION = YES;
				CLANG_WARN_OBJC_ROOT_CLASS = YES_ERROR;
				CLANG_WARN_QUOTED_INCLUDE_IN_FRAMEWORK_HEADER = YES;
				CLANG_WARN_RANGE_LOOP_ANALYSIS = YES;
				CLANG_WARN_STRICT_PROTOTYPES = YES;
				CLANG_WARN_SUSPICIOUS_MOVE = YES;
				CLANG_WARN_UNGUARDED_AVAILABILITY = YES_AGGRESSIVE;
				CLANG_WARN_UNREACHABLE_CODE = YES;
				CLANG_WARN__DUPLICATE_METHOD_MATCH = YES;
				COPY_PHASE_STRIP = NO;
				CURRENT_PROJECT_VERSION = 11;
				DEAD_CODE_STRIPPING = YES;
				DEBUG_INFORMATION_FORMAT = dwarf;
				DEVELOPMENT_TEAM = 294VZ3T33E;
				ENABLE_STRICT_OBJC_MSGSEND = YES;
				ENABLE_TESTABILITY = YES;
				ENABLE_USER_SCRIPT_SANDBOXING = YES;
				GCC_C_LANGUAGE_STANDARD = gnu17;
				GCC_DYNAMIC_NO_PIC = NO;
				GCC_NO_COMMON_BLOCKS = YES;
				GCC_OPTIMIZATION_LEVEL = 0;
				GCC_PREPROCESSOR_DEFINITIONS = (
					"DEBUG=1",
					"$(inherited)",
				);
				GCC_WARN_64_TO_32_BIT_CONVERSION = YES;
				GCC_WARN_ABOUT_RETURN_TYPE = YES_ERROR;
				GCC_WARN_UNDECLARED_SELECTOR = YES;
				GCC_WARN_UNINITIALIZED_AUTOS = YES_AGGRESSIVE;
				GCC_WARN_UNUSED_FUNCTION = YES;
				GCC_WARN_UNUSED_VARIABLE = YES;
				LOCALIZATION_PREFERS_STRING_CATALOGS = YES;
				MTL_ENABLE_DEBUG_INFO = INCLUDE_SOURCE;
				MTL_FAST_MATH = YES;
				ONLY_ACTIVE_ARCH = YES;
				SWIFT_ACTIVE_COMPILATION_CONDITIONS = "DEBUG $(inherited)";
				SWIFT_OPTIMIZATION_LEVEL = "-Onone";
			};
			name = Debug;
		};
		D41E19292AE45C9C002516C1 /* Release */ = {
			isa = XCBuildConfiguration;
			buildSettings = {
				ALWAYS_SEARCH_USER_PATHS = NO;
				ASSETCATALOG_COMPILER_GENERATE_SWIFT_ASSET_SYMBOL_EXTENSIONS = YES;
				CLANG_ANALYZER_NONNULL = YES;
				CLANG_ANALYZER_NUMBER_OBJECT_CONVERSION = YES_AGGRESSIVE;
				CLANG_CXX_LANGUAGE_STANDARD = "gnu++20";
				CLANG_ENABLE_MODULES = YES;
				CLANG_ENABLE_OBJC_ARC = YES;
				CLANG_ENABLE_OBJC_WEAK = YES;
				CLANG_WARN_BLOCK_CAPTURE_AUTORELEASING = YES;
				CLANG_WARN_BOOL_CONVERSION = YES;
				CLANG_WARN_COMMA = YES;
				CLANG_WARN_CONSTANT_CONVERSION = YES;
				CLANG_WARN_DEPRECATED_OBJC_IMPLEMENTATIONS = YES;
				CLANG_WARN_DIRECT_OBJC_ISA_USAGE = YES_ERROR;
				CLANG_WARN_DOCUMENTATION_COMMENTS = YES;
				CLANG_WARN_EMPTY_BODY = YES;
				CLANG_WARN_ENUM_CONVERSION = YES;
				CLANG_WARN_INFINITE_RECURSION = YES;
				CLANG_WARN_INT_CONVERSION = YES;
				CLANG_WARN_NON_LITERAL_NULL_CONVERSION = YES;
				CLANG_WARN_OBJC_IMPLICIT_RETAIN_SELF = YES;
				CLANG_WARN_OBJC_LITERAL_CONVERSION = YES;
				CLANG_WARN_OBJC_ROOT_CLASS = YES_ERROR;
				CLANG_WARN_QUOTED_INCLUDE_IN_FRAMEWORK_HEADER = YES;
				CLANG_WARN_RANGE_LOOP_ANALYSIS = YES;
				CLANG_WARN_STRICT_PROTOTYPES = YES;
				CLANG_WARN_SUSPICIOUS_MOVE = YES;
				CLANG_WARN_UNGUARDED_AVAILABILITY = YES_AGGRESSIVE;
				CLANG_WARN_UNREACHABLE_CODE = YES;
				CLANG_WARN__DUPLICATE_METHOD_MATCH = YES;
				COPY_PHASE_STRIP = NO;
				CURRENT_PROJECT_VERSION = 11;
				DEAD_CODE_STRIPPING = YES;
				DEBUG_INFORMATION_FORMAT = "dwarf-with-dsym";
				DEVELOPMENT_TEAM = 294VZ3T33E;
				ENABLE_NS_ASSERTIONS = NO;
				ENABLE_STRICT_OBJC_MSGSEND = YES;
				ENABLE_USER_SCRIPT_SANDBOXING = YES;
				GCC_C_LANGUAGE_STANDARD = gnu17;
				GCC_NO_COMMON_BLOCKS = YES;
				GCC_WARN_64_TO_32_BIT_CONVERSION = YES;
				GCC_WARN_ABOUT_RETURN_TYPE = YES_ERROR;
				GCC_WARN_UNDECLARED_SELECTOR = YES;
				GCC_WARN_UNINITIALIZED_AUTOS = YES_AGGRESSIVE;
				GCC_WARN_UNUSED_FUNCTION = YES;
				GCC_WARN_UNUSED_VARIABLE = YES;
				LOCALIZATION_PREFERS_STRING_CATALOGS = YES;
				MTL_ENABLE_DEBUG_INFO = NO;
				MTL_FAST_MATH = YES;
				SWIFT_COMPILATION_MODE = wholemodule;
			};
			name = Release;
		};
		D41E192B2AE45C9C002516C1 /* Debug */ = {
			isa = XCBuildConfiguration;
			buildSettings = {
				ASSETCATALOG_COMPILER_APPICON_NAME = AppIcon;
				ASSETCATALOG_COMPILER_GLOBAL_ACCENT_COLOR_NAME = AccentColor;
				CODE_SIGN_ENTITLEMENTS = Heat/Resources/Heat.entitlements;
				CODE_SIGN_STYLE = Automatic;
				DEAD_CODE_STRIPPING = YES;
				ENABLE_HARDENED_RUNTIME = NO;
				ENABLE_PREVIEWS = YES;
				GENERATE_INFOPLIST_FILE = YES;
				INFOPLIST_FILE = Heat/Resources/Info.plist;
				INFOPLIST_KEY_LSApplicationCategoryType = "public.app-category.utilities";
				INFOPLIST_KEY_NSAppleMusicUsageDescription = "Search your music with the Assistant.";
				INFOPLIST_KEY_NSHomeKitUsageDescription = "Manage your home accessories with the Assistant.";
				INFOPLIST_KEY_NSLocationWhenInUseUsageDescription = "Location is provided as additional context to personalize your experience.";
				"INFOPLIST_KEY_UIApplicationSceneManifest_Generation[sdk=iphoneos*]" = YES;
				"INFOPLIST_KEY_UIApplicationSceneManifest_Generation[sdk=iphonesimulator*]" = YES;
				"INFOPLIST_KEY_UIApplicationSupportsIndirectInputEvents[sdk=iphoneos*]" = YES;
				"INFOPLIST_KEY_UIApplicationSupportsIndirectInputEvents[sdk=iphonesimulator*]" = YES;
				"INFOPLIST_KEY_UILaunchScreen_Generation[sdk=iphoneos*]" = YES;
				"INFOPLIST_KEY_UILaunchScreen_Generation[sdk=iphonesimulator*]" = YES;
				"INFOPLIST_KEY_UIStatusBarStyle[sdk=iphoneos*]" = UIStatusBarStyleDefault;
				"INFOPLIST_KEY_UIStatusBarStyle[sdk=iphonesimulator*]" = UIStatusBarStyleDefault;
				INFOPLIST_KEY_UISupportedInterfaceOrientations_iPad = "UIInterfaceOrientationPortrait UIInterfaceOrientationPortraitUpsideDown UIInterfaceOrientationLandscapeLeft UIInterfaceOrientationLandscapeRight";
				INFOPLIST_KEY_UISupportedInterfaceOrientations_iPhone = "UIInterfaceOrientationPortrait UIInterfaceOrientationLandscapeLeft UIInterfaceOrientationLandscapeRight";
				IPHONEOS_DEPLOYMENT_TARGET = 18.0;
				LD_RUNPATH_SEARCH_PATHS = "@executable_path/Frameworks";
				"LD_RUNPATH_SEARCH_PATHS[sdk=macosx*]" = "@executable_path/../Frameworks";
				MACOSX_DEPLOYMENT_TARGET = 15.0;
				MARKETING_VERSION = 1.0;
				PRODUCT_BUNDLE_IDENTIFIER = run.nathan.Heat;
				PRODUCT_NAME = "$(TARGET_NAME)";
				SDKROOT = auto;
				SUPPORTED_PLATFORMS = "iphoneos iphonesimulator macosx";
				SWIFT_EMIT_LOC_STRINGS = YES;
				SWIFT_UPCOMING_FEATURE_CONCISE_MAGIC_FILE = NO;
				SWIFT_UPCOMING_FEATURE_DEPRECATE_APPLICATION_MAIN = YES;
				SWIFT_UPCOMING_FEATURE_DISABLE_OUTWARD_ACTOR_ISOLATION = YES;
				SWIFT_UPCOMING_FEATURE_FORWARD_TRAILING_CLOSURES = YES;
				SWIFT_UPCOMING_FEATURE_GLOBAL_CONCURRENCY = YES;
				SWIFT_UPCOMING_FEATURE_IMPLICIT_OPEN_EXISTENTIALS = YES;
				SWIFT_UPCOMING_FEATURE_IMPORT_OBJC_FORWARD_DECLS = YES;
				SWIFT_UPCOMING_FEATURE_INFER_SENDABLE_FROM_CAPTURES = YES;
				SWIFT_UPCOMING_FEATURE_ISOLATED_DEFAULT_VALUES = YES;
				SWIFT_UPCOMING_FEATURE_REGION_BASED_ISOLATION = YES;
				SWIFT_VERSION = 5.0;
				TARGETED_DEVICE_FAMILY = "1,2";
			};
			name = Debug;
		};
		D41E192C2AE45C9C002516C1 /* Release */ = {
			isa = XCBuildConfiguration;
			buildSettings = {
				ASSETCATALOG_COMPILER_APPICON_NAME = AppIcon;
				ASSETCATALOG_COMPILER_GLOBAL_ACCENT_COLOR_NAME = AccentColor;
				CODE_SIGN_ENTITLEMENTS = Heat/Resources/Heat.entitlements;
				CODE_SIGN_STYLE = Automatic;
				DEAD_CODE_STRIPPING = YES;
				ENABLE_HARDENED_RUNTIME = NO;
				ENABLE_PREVIEWS = YES;
				GENERATE_INFOPLIST_FILE = YES;
				INFOPLIST_FILE = Heat/Resources/Info.plist;
				INFOPLIST_KEY_LSApplicationCategoryType = "public.app-category.utilities";
				INFOPLIST_KEY_NSAppleMusicUsageDescription = "Search your music with the Assistant.";
				INFOPLIST_KEY_NSHomeKitUsageDescription = "Manage your home accessories with the Assistant.";
				INFOPLIST_KEY_NSLocationWhenInUseUsageDescription = "Location is provided as additional context to personalize your experience.";
				"INFOPLIST_KEY_UIApplicationSceneManifest_Generation[sdk=iphoneos*]" = YES;
				"INFOPLIST_KEY_UIApplicationSceneManifest_Generation[sdk=iphonesimulator*]" = YES;
				"INFOPLIST_KEY_UIApplicationSupportsIndirectInputEvents[sdk=iphoneos*]" = YES;
				"INFOPLIST_KEY_UIApplicationSupportsIndirectInputEvents[sdk=iphonesimulator*]" = YES;
				"INFOPLIST_KEY_UILaunchScreen_Generation[sdk=iphoneos*]" = YES;
				"INFOPLIST_KEY_UILaunchScreen_Generation[sdk=iphonesimulator*]" = YES;
				"INFOPLIST_KEY_UIStatusBarStyle[sdk=iphoneos*]" = UIStatusBarStyleDefault;
				"INFOPLIST_KEY_UIStatusBarStyle[sdk=iphonesimulator*]" = UIStatusBarStyleDefault;
				INFOPLIST_KEY_UISupportedInterfaceOrientations_iPad = "UIInterfaceOrientationPortrait UIInterfaceOrientationPortraitUpsideDown UIInterfaceOrientationLandscapeLeft UIInterfaceOrientationLandscapeRight";
				INFOPLIST_KEY_UISupportedInterfaceOrientations_iPhone = "UIInterfaceOrientationPortrait UIInterfaceOrientationLandscapeLeft UIInterfaceOrientationLandscapeRight";
				IPHONEOS_DEPLOYMENT_TARGET = 18.0;
				LD_RUNPATH_SEARCH_PATHS = "@executable_path/Frameworks";
				"LD_RUNPATH_SEARCH_PATHS[sdk=macosx*]" = "@executable_path/../Frameworks";
				MACOSX_DEPLOYMENT_TARGET = 15.0;
				MARKETING_VERSION = 1.0;
				PRODUCT_BUNDLE_IDENTIFIER = run.nathan.Heat;
				PRODUCT_NAME = "$(TARGET_NAME)";
				SDKROOT = auto;
				SUPPORTED_PLATFORMS = "iphoneos iphonesimulator macosx";
				SWIFT_EMIT_LOC_STRINGS = YES;
				SWIFT_UPCOMING_FEATURE_CONCISE_MAGIC_FILE = NO;
				SWIFT_UPCOMING_FEATURE_DEPRECATE_APPLICATION_MAIN = YES;
				SWIFT_UPCOMING_FEATURE_DISABLE_OUTWARD_ACTOR_ISOLATION = YES;
				SWIFT_UPCOMING_FEATURE_FORWARD_TRAILING_CLOSURES = YES;
				SWIFT_UPCOMING_FEATURE_GLOBAL_CONCURRENCY = YES;
				SWIFT_UPCOMING_FEATURE_IMPLICIT_OPEN_EXISTENTIALS = YES;
				SWIFT_UPCOMING_FEATURE_IMPORT_OBJC_FORWARD_DECLS = YES;
				SWIFT_UPCOMING_FEATURE_INFER_SENDABLE_FROM_CAPTURES = YES;
				SWIFT_UPCOMING_FEATURE_ISOLATED_DEFAULT_VALUES = YES;
				SWIFT_UPCOMING_FEATURE_REGION_BASED_ISOLATION = YES;
				SWIFT_VERSION = 5.0;
				TARGETED_DEVICE_FAMILY = "1,2";
			};
			name = Release;
		};
/* End XCBuildConfiguration section */

/* Begin XCConfigurationList section */
		D41E19162AE45C9B002516C1 /* Build configuration list for PBXProject "Heat" */ = {
			isa = XCConfigurationList;
			buildConfigurations = (
				D41E19282AE45C9C002516C1 /* Debug */,
				D41E19292AE45C9C002516C1 /* Release */,
			);
			defaultConfigurationIsVisible = 0;
			defaultConfigurationName = Release;
		};
		D41E192A2AE45C9C002516C1 /* Build configuration list for PBXNativeTarget "Heat" */ = {
			isa = XCConfigurationList;
			buildConfigurations = (
				D41E192B2AE45C9C002516C1 /* Debug */,
				D41E192C2AE45C9C002516C1 /* Release */,
			);
			defaultConfigurationIsVisible = 0;
			defaultConfigurationName = Release;
		};
/* End XCConfigurationList section */

/* Begin XCRemoteSwiftPackageReference section */
		D8271A582C7A4E3E008C345B /* XCRemoteSwiftPackageReference "Highlightr" */ = {
			isa = XCRemoteSwiftPackageReference;
			repositoryURL = "https://github.com/raspu/Highlightr";
			requirement = {
				branch = master;
				kind = branch;
			};
		};
		D85FE3802C8FDD4F004CA2F3 /* XCRemoteSwiftPackageReference "swift-markdown-ui" */ = {
			isa = XCRemoteSwiftPackageReference;
			repositoryURL = "https://github.com/gonzalezreal/swift-markdown-ui";
			requirement = {
				branch = main;
				kind = branch;
			};
		};
/* End XCRemoteSwiftPackageReference section */

/* Begin XCSwiftPackageProductDependency section */
		D41E19312AE467F5002516C1 /* HeatKit */ = {
			isa = XCSwiftPackageProductDependency;
			productName = HeatKit;
		};
		D8271A592C7A4E3E008C345B /* Highlightr */ = {
			isa = XCSwiftPackageProductDependency;
			package = D8271A582C7A4E3E008C345B /* XCRemoteSwiftPackageReference "Highlightr" */;
			productName = Highlightr;
		};
		D85FE3812C8FDD4F004CA2F3 /* MarkdownUI */ = {
			isa = XCSwiftPackageProductDependency;
			package = D85FE3802C8FDD4F004CA2F3 /* XCRemoteSwiftPackageReference "swift-markdown-ui" */;
			productName = MarkdownUI;
		};
/* End XCSwiftPackageProductDependency section */
	};
	rootObject = D41E19132AE45C9B002516C1 /* Project object */;
}
