// !$*UTF8*$!
{
	archiveVersion = 1;
	classes = {
	};
	objectVersion = 56;
	objects = {

/* Begin PBXBuildFile section */
		D4017C8B2B6EEF01001CE137 /* MainCompactView.swift in Sources */ = {isa = PBXBuildFile; fileRef = D4017C8A2B6EEF01001CE137 /* MainCompactView.swift */; };
		D4017C8D2B6EEF70001CE137 /* Squircle.swift in Sources */ = {isa = PBXBuildFile; fileRef = D4017C8C2B6EEF70001CE137 /* Squircle.swift */; };
		D4017C902B6EEFB5001CE137 /* Asset+.swift in Sources */ = {isa = PBXBuildFile; fileRef = D4017C8F2B6EEFB5001CE137 /* Asset+.swift */; };
		D41E191F2AE45C9B002516C1 /* MainApp.swift in Sources */ = {isa = PBXBuildFile; fileRef = D41E191E2AE45C9B002516C1 /* MainApp.swift */; };
		D41E19232AE45C9C002516C1 /* Assets.xcassets in Resources */ = {isa = PBXBuildFile; fileRef = D41E19222AE45C9C002516C1 /* Assets.xcassets */; };
		D41E19272AE45C9C002516C1 /* Preview Assets.xcassets in Resources */ = {isa = PBXBuildFile; fileRef = D41E19262AE45C9C002516C1 /* Preview Assets.xcassets */; };
		D41E19322AE467F5002516C1 /* HeatKit in Frameworks */ = {isa = PBXBuildFile; productRef = D41E19312AE467F5002516C1 /* HeatKit */; };
		D41E19352AE4C665002516C1 /* AgentForm.swift in Sources */ = {isa = PBXBuildFile; fileRef = D41E19342AE4C665002516C1 /* AgentForm.swift */; };
		D41E193B2AE4C759002516C1 /* ConversationView.swift in Sources */ = {isa = PBXBuildFile; fileRef = D41E193A2AE4C759002516C1 /* ConversationView.swift */; };
		D41E193E2AE4CD20002516C1 /* PictureView.swift in Sources */ = {isa = PBXBuildFile; fileRef = D41E193D2AE4CD20002516C1 /* PictureView.swift */; };
		D41E19402AE4CD4F002516C1 /* VideoView.swift in Sources */ = {isa = PBXBuildFile; fileRef = D41E193F2AE4CD4F002516C1 /* VideoView.swift */; };
		D41E194C2AE591EA002516C1 /* PreferencesForm.swift in Sources */ = {isa = PBXBuildFile; fileRef = D41E194B2AE591EA002516C1 /* PreferencesForm.swift */; };
		D45CC1FA2B8A5C1A009DFDF4 /* SuggestionsList.swift in Sources */ = {isa = PBXBuildFile; fileRef = D45CC1F92B8A5C1A009DFDF4 /* SuggestionsList.swift */; };
		D4713D702AEAB9670005597E /* Operators.swift in Sources */ = {isa = PBXBuildFile; fileRef = D4713D6F2AEAB9670005597E /* Operators.swift */; };
		D4A2C55A2B8BF8550004F27B /* MarkdownUI in Frameworks */ = {isa = PBXBuildFile; productRef = D4A2C5592B8BF8550004F27B /* MarkdownUI */; };
		D4A2C55D2B8BF89A0004F27B /* Splash in Frameworks */ = {isa = PBXBuildFile; productRef = D4A2C55C2B8BF89A0004F27B /* Splash */; };
		D4A2C55F2B8BF89A0004F27B /* SplashHTMLGen in Frameworks */ = {isa = PBXBuildFile; productRef = D4A2C55E2B8BF89A0004F27B /* SplashHTMLGen */; };
		D4A2C5612B8BF89A0004F27B /* SplashImageGen in Frameworks */ = {isa = PBXBuildFile; productRef = D4A2C5602B8BF89A0004F27B /* SplashImageGen */; };
		D4A2C5632B8BF89A0004F27B /* SplashMarkdown in Frameworks */ = {isa = PBXBuildFile; productRef = D4A2C5622B8BF89A0004F27B /* SplashMarkdown */; };
		D4A2C5652B8BF89A0004F27B /* SplashTokenizer in Frameworks */ = {isa = PBXBuildFile; productRef = D4A2C5642B8BF89A0004F27B /* SplashTokenizer */; };
		D4A2C5672B8BF9CE0004F27B /* MarkdownUI+.swift in Sources */ = {isa = PBXBuildFile; fileRef = D4A2C5662B8BF9CE0004F27B /* MarkdownUI+.swift */; };
		D4A2C5692B8BF9EC0004F27B /* Markdown.swift in Sources */ = {isa = PBXBuildFile; fileRef = D4A2C5682B8BF9EC0004F27B /* Markdown.swift */; };
		D4B2D2672B649DFD0017FB52 /* ConversationList.swift in Sources */ = {isa = PBXBuildFile; fileRef = D4B2D2662B649DFD0017FB52 /* ConversationList.swift */; };
		D4B2D2692B6563DB0017FB52 /* ConversationInput.swift in Sources */ = {isa = PBXBuildFile; fileRef = D4B2D2682B6563DB0017FB52 /* ConversationInput.swift */; };
		D4C68E942BCC8AC500EFEF24 /* ImagePicker.swift in Sources */ = {isa = PBXBuildFile; fileRef = D4C68E932BCC8AC500EFEF24 /* ImagePicker.swift */; };
		D4FECDD32B817A3900E1BA13 /* HapticManager.swift in Sources */ = {isa = PBXBuildFile; fileRef = D4FECDD22B817A3900E1BA13 /* HapticManager.swift */; };
		D809F5A22BDABEFE00FD627B /* ConversationBarrier.swift in Sources */ = {isa = PBXBuildFile; fileRef = D809F5A12BDABEFE00FD627B /* ConversationBarrier.swift */; };
		D815698D2B9CF19000C53D4D /* MessageTool.swift in Sources */ = {isa = PBXBuildFile; fileRef = D815698C2B9CF19000C53D4D /* MessageTool.swift */; };
		D8247E2E2BD41C3A00D918C0 /* MemoryList.swift in Sources */ = {isa = PBXBuildFile; fileRef = D8247E2D2BD41C3A00D918C0 /* MemoryList.swift */; };
		D838D6A72B0A65F100988FDD /* ConversationViewModel.swift in Sources */ = {isa = PBXBuildFile; fileRef = D838D6A62B0A65F100988FDD /* ConversationViewModel.swift */; };
		D884AAC32BD5741A00B90E9B /* MessageToolCall.swift in Sources */ = {isa = PBXBuildFile; fileRef = D884AAC22BD5741A00B90E9B /* MessageToolCall.swift */; };
		D884AAC52BD57C5600B90E9B /* MessageSystemView.swift in Sources */ = {isa = PBXBuildFile; fileRef = D884AAC42BD57C5600B90E9B /* MessageSystemView.swift */; };
		D884AAC82BD5A6A500B90E9B /* HotKey in Frameworks */ = {isa = PBXBuildFile; productRef = D884AAC72BD5A6A500B90E9B /* HotKey */; };
		D884AAF52BD7F50E00B90E9B /* FloatingPanel.swift in Sources */ = {isa = PBXBuildFile; fileRef = D884AAF42BD7F50E00B90E9B /* FloatingPanel.swift */; };
		D884AAF72BD7F52600B90E9B /* LauncherView.swift in Sources */ = {isa = PBXBuildFile; fileRef = D884AAF62BD7F52600B90E9B /* LauncherView.swift */; };
		D884AAF92BD7F54500B90E9B /* VisualEffectView.swift in Sources */ = {isa = PBXBuildFile; fileRef = D884AAF82BD7F54500B90E9B /* VisualEffectView.swift */; };
		D884AAFC2BD7F65600B90E9B /* LauncherViewModel.swift in Sources */ = {isa = PBXBuildFile; fileRef = D884AAFB2BD7F65600B90E9B /* LauncherViewModel.swift */; };
		D884AAFE2BD9B40000B90E9B /* PermissionsList.swift in Sources */ = {isa = PBXBuildFile; fileRef = D884AAFD2BD9B40000B90E9B /* PermissionsList.swift */; };
		D884AB002BD9B9DE00B90E9B /* LocationManager.swift in Sources */ = {isa = PBXBuildFile; fileRef = D884AAFF2BD9B9DE00B90E9B /* LocationManager.swift */; };
		D88D23092B3CFB5100CCCC61 /* MessageView.swift in Sources */ = {isa = PBXBuildFile; fileRef = D88D23082B3CFB5100CCCC61 /* MessageView.swift */; };
		D88D230D2B3CFB5D00CCCC61 /* TypingIndicator.swift in Sources */ = {isa = PBXBuildFile; fileRef = D88D230C2B3CFB5D00CCCC61 /* TypingIndicator.swift */; };
		D8E1FC182B704CDD006C9366 /* ServiceForm.swift in Sources */ = {isa = PBXBuildFile; fileRef = D8E1FC172B704CDD006C9366 /* ServiceForm.swift */; };
		D8E1FC1A2B704CE3006C9366 /* ServiceList.swift in Sources */ = {isa = PBXBuildFile; fileRef = D8E1FC192B704CE3006C9366 /* ServiceList.swift */; };
		D8FBB20D2AEDB60700783E9B /* AgentList.swift in Sources */ = {isa = PBXBuildFile; fileRef = D8FBB20C2AEDB60700783E9B /* AgentList.swift */; };
/* End PBXBuildFile section */

/* Begin PBXFileReference section */
		D4017C8A2B6EEF01001CE137 /* MainCompactView.swift */ = {isa = PBXFileReference; lastKnownFileType = sourcecode.swift; path = MainCompactView.swift; sourceTree = "<group>"; };
		D4017C8C2B6EEF70001CE137 /* Squircle.swift */ = {isa = PBXFileReference; lastKnownFileType = sourcecode.swift; path = Squircle.swift; sourceTree = "<group>"; };
		D4017C8F2B6EEFB5001CE137 /* Asset+.swift */ = {isa = PBXFileReference; lastKnownFileType = sourcecode.swift; path = "Asset+.swift"; sourceTree = "<group>"; };
		D41E191E2AE45C9B002516C1 /* MainApp.swift */ = {isa = PBXFileReference; lastKnownFileType = sourcecode.swift; path = MainApp.swift; sourceTree = "<group>"; };
		D41E19222AE45C9C002516C1 /* Assets.xcassets */ = {isa = PBXFileReference; lastKnownFileType = folder.assetcatalog; path = Assets.xcassets; sourceTree = "<group>"; };
		D41E19242AE45C9C002516C1 /* Heat.entitlements */ = {isa = PBXFileReference; lastKnownFileType = text.plist.entitlements; path = Heat.entitlements; sourceTree = "<group>"; };
		D41E19262AE45C9C002516C1 /* Preview Assets.xcassets */ = {isa = PBXFileReference; lastKnownFileType = folder.assetcatalog; path = "Preview Assets.xcassets"; sourceTree = "<group>"; };
		D41E192D2AE45CE2002516C1 /* HeatKit */ = {isa = PBXFileReference; lastKnownFileType = wrapper; path = HeatKit; sourceTree = "<group>"; };
		D41E19332AE46D60002516C1 /* Info.plist */ = {isa = PBXFileReference; lastKnownFileType = text.plist.xml; path = Info.plist; sourceTree = "<group>"; };
		D41E19342AE4C665002516C1 /* AgentForm.swift */ = {isa = PBXFileReference; lastKnownFileType = sourcecode.swift; path = AgentForm.swift; sourceTree = "<group>"; };
		D41E193A2AE4C759002516C1 /* ConversationView.swift */ = {isa = PBXFileReference; lastKnownFileType = sourcecode.swift; path = ConversationView.swift; sourceTree = "<group>"; };
		D41E193D2AE4CD20002516C1 /* PictureView.swift */ = {isa = PBXFileReference; lastKnownFileType = sourcecode.swift; path = PictureView.swift; sourceTree = "<group>"; };
		D41E193F2AE4CD4F002516C1 /* VideoView.swift */ = {isa = PBXFileReference; lastKnownFileType = sourcecode.swift; path = VideoView.swift; sourceTree = "<group>"; };
		D41E194B2AE591EA002516C1 /* PreferencesForm.swift */ = {isa = PBXFileReference; lastKnownFileType = sourcecode.swift; path = PreferencesForm.swift; sourceTree = "<group>"; };
		D45CC1F92B8A5C1A009DFDF4 /* SuggestionsList.swift */ = {isa = PBXFileReference; lastKnownFileType = sourcecode.swift; path = SuggestionsList.swift; sourceTree = "<group>"; };
		D4713D6F2AEAB9670005597E /* Operators.swift */ = {isa = PBXFileReference; lastKnownFileType = sourcecode.swift; path = Operators.swift; sourceTree = "<group>"; };
		D4A2C5662B8BF9CE0004F27B /* MarkdownUI+.swift */ = {isa = PBXFileReference; lastKnownFileType = sourcecode.swift; path = "MarkdownUI+.swift"; sourceTree = "<group>"; };
		D4A2C5682B8BF9EC0004F27B /* Markdown.swift */ = {isa = PBXFileReference; lastKnownFileType = sourcecode.swift; path = Markdown.swift; sourceTree = "<group>"; };
		D4B2D2662B649DFD0017FB52 /* ConversationList.swift */ = {isa = PBXFileReference; lastKnownFileType = sourcecode.swift; path = ConversationList.swift; sourceTree = "<group>"; };
		D4B2D2682B6563DB0017FB52 /* ConversationInput.swift */ = {isa = PBXFileReference; lastKnownFileType = sourcecode.swift; path = ConversationInput.swift; sourceTree = "<group>"; };
		D4C68E922BCABA9A00EFEF24 /* Heat.app */ = {isa = PBXFileReference; explicitFileType = wrapper.application; includeInIndex = 0; name = Heat.app; path = /Users/nborror/Work/Prototypes/Heat/build/Debug/Heat.app; sourceTree = "<absolute>"; };
		D4C68E932BCC8AC500EFEF24 /* ImagePicker.swift */ = {isa = PBXFileReference; lastKnownFileType = sourcecode.swift; path = ImagePicker.swift; sourceTree = "<group>"; };
		D4FECDD22B817A3900E1BA13 /* HapticManager.swift */ = {isa = PBXFileReference; lastKnownFileType = sourcecode.swift; path = HapticManager.swift; sourceTree = "<group>"; };
		D809F5A12BDABEFE00FD627B /* ConversationBarrier.swift */ = {isa = PBXFileReference; lastKnownFileType = sourcecode.swift; path = ConversationBarrier.swift; sourceTree = "<group>"; };
		D815698C2B9CF19000C53D4D /* MessageTool.swift */ = {isa = PBXFileReference; lastKnownFileType = sourcecode.swift; path = MessageTool.swift; sourceTree = "<group>"; };
		D8247E2D2BD41C3A00D918C0 /* MemoryList.swift */ = {isa = PBXFileReference; lastKnownFileType = sourcecode.swift; path = MemoryList.swift; sourceTree = "<group>"; };
		D838D6A62B0A65F100988FDD /* ConversationViewModel.swift */ = {isa = PBXFileReference; lastKnownFileType = sourcecode.swift; path = ConversationViewModel.swift; sourceTree = "<group>"; };
		D884AAC22BD5741A00B90E9B /* MessageToolCall.swift */ = {isa = PBXFileReference; lastKnownFileType = sourcecode.swift; path = MessageToolCall.swift; sourceTree = "<group>"; };
		D884AAC42BD57C5600B90E9B /* MessageSystemView.swift */ = {isa = PBXFileReference; lastKnownFileType = sourcecode.swift; path = MessageSystemView.swift; sourceTree = "<group>"; };
		D884AAF42BD7F50E00B90E9B /* FloatingPanel.swift */ = {isa = PBXFileReference; lastKnownFileType = sourcecode.swift; path = FloatingPanel.swift; sourceTree = "<group>"; };
		D884AAF62BD7F52600B90E9B /* LauncherView.swift */ = {isa = PBXFileReference; lastKnownFileType = sourcecode.swift; path = LauncherView.swift; sourceTree = "<group>"; };
		D884AAF82BD7F54500B90E9B /* VisualEffectView.swift */ = {isa = PBXFileReference; lastKnownFileType = sourcecode.swift; path = VisualEffectView.swift; sourceTree = "<group>"; };
		D884AAFB2BD7F65600B90E9B /* LauncherViewModel.swift */ = {isa = PBXFileReference; lastKnownFileType = sourcecode.swift; path = LauncherViewModel.swift; sourceTree = "<group>"; };
		D884AAFD2BD9B40000B90E9B /* PermissionsList.swift */ = {isa = PBXFileReference; lastKnownFileType = sourcecode.swift; path = PermissionsList.swift; sourceTree = "<group>"; };
		D884AAFF2BD9B9DE00B90E9B /* LocationManager.swift */ = {isa = PBXFileReference; lastKnownFileType = sourcecode.swift; path = LocationManager.swift; sourceTree = "<group>"; };
		D88D23082B3CFB5100CCCC61 /* MessageView.swift */ = {isa = PBXFileReference; lastKnownFileType = sourcecode.swift; path = MessageView.swift; sourceTree = "<group>"; };
		D88D230C2B3CFB5D00CCCC61 /* TypingIndicator.swift */ = {isa = PBXFileReference; lastKnownFileType = sourcecode.swift; path = TypingIndicator.swift; sourceTree = "<group>"; };
		D8E1FC172B704CDD006C9366 /* ServiceForm.swift */ = {isa = PBXFileReference; lastKnownFileType = sourcecode.swift; path = ServiceForm.swift; sourceTree = "<group>"; };
		D8E1FC192B704CE3006C9366 /* ServiceList.swift */ = {isa = PBXFileReference; lastKnownFileType = sourcecode.swift; path = ServiceList.swift; sourceTree = "<group>"; };
		D8FBB20C2AEDB60700783E9B /* AgentList.swift */ = {isa = PBXFileReference; fileEncoding = 4; lastKnownFileType = sourcecode.swift; path = AgentList.swift; sourceTree = "<group>"; };
/* End PBXFileReference section */

/* Begin PBXFrameworksBuildPhase section */
		D41E19182AE45C9B002516C1 /* Frameworks */ = {
			isa = PBXFrameworksBuildPhase;
			buildActionMask = 2147483647;
			files = (
				D4A2C5652B8BF89A0004F27B /* SplashTokenizer in Frameworks */,
				D41E19322AE467F5002516C1 /* HeatKit in Frameworks */,
				D884AAC82BD5A6A500B90E9B /* HotKey in Frameworks */,
				D4A2C55A2B8BF8550004F27B /* MarkdownUI in Frameworks */,
				D4A2C55D2B8BF89A0004F27B /* Splash in Frameworks */,
				D4A2C55F2B8BF89A0004F27B /* SplashHTMLGen in Frameworks */,
				D4A2C5632B8BF89A0004F27B /* SplashMarkdown in Frameworks */,
				D4A2C5612B8BF89A0004F27B /* SplashImageGen in Frameworks */,
			);
			runOnlyForDeploymentPostprocessing = 0;
		};
/* End PBXFrameworksBuildPhase section */

/* Begin PBXGroup section */
		D4017C8E2B6EEF9E001CE137 /* Extensions */ = {
			isa = PBXGroup;
			children = (
				D4017C8F2B6EEFB5001CE137 /* Asset+.swift */,
				D4A2C5662B8BF9CE0004F27B /* MarkdownUI+.swift */,
			);
			path = Extensions;
			sourceTree = "<group>";
		};
		D41E19122AE45C9B002516C1 = {
			isa = PBXGroup;
			children = (
				D41E191D2AE45C9B002516C1 /* Heat */,
				D41E192D2AE45CE2002516C1 /* HeatKit */,
			);
			sourceTree = "<group>";
		};
		D41E191D2AE45C9B002516C1 /* Heat */ = {
			isa = PBXGroup;
			children = (
				D41E191E2AE45C9B002516C1 /* MainApp.swift */,
				D4017C8A2B6EEF01001CE137 /* MainCompactView.swift */,
				D8E1FC162B704CD2006C9366 /* Preferences */,
				D41E194A2AE58D29002516C1 /* Conversations */,
				D41E19492AE58D1B002516C1 /* Agents */,
				D884AAFA2BD7F64A00B90E9B /* Launcher */,
				D8247E2C2BD41C3100D918C0 /* Memory */,
				D88D23072B3CFB2C00CCCC61 /* Views */,
				D41E193C2AE4CD12002516C1 /* Shared */,
				D4017C8E2B6EEF9E001CE137 /* Extensions */,
				D41E192E2AE45D70002516C1 /* Resources */,
				D41E19252AE45C9C002516C1 /* Preview Content */,
			);
			path = Heat;
			sourceTree = "<group>";
		};
		D41E19252AE45C9C002516C1 /* Preview Content */ = {
			isa = PBXGroup;
			children = (
				D41E19262AE45C9C002516C1 /* Preview Assets.xcassets */,
			);
			path = "Preview Content";
			sourceTree = "<group>";
		};
		D41E192E2AE45D70002516C1 /* Resources */ = {
			isa = PBXGroup;
			children = (
				D41E19332AE46D60002516C1 /* Info.plist */,
				D41E19222AE45C9C002516C1 /* Assets.xcassets */,
				D41E19242AE45C9C002516C1 /* Heat.entitlements */,
			);
			path = Resources;
			sourceTree = "<group>";
		};
		D41E193C2AE4CD12002516C1 /* Shared */ = {
			isa = PBXGroup;
			children = (
				D4C68E932BCC8AC500EFEF24 /* ImagePicker.swift */,
				D4713D6F2AEAB9670005597E /* Operators.swift */,
				D4FECDD22B817A3900E1BA13 /* HapticManager.swift */,
				D4A2C5682B8BF9EC0004F27B /* Markdown.swift */,
				D884AAF42BD7F50E00B90E9B /* FloatingPanel.swift */,
				D884AAF82BD7F54500B90E9B /* VisualEffectView.swift */,
				D884AAFF2BD9B9DE00B90E9B /* LocationManager.swift */,
			);
			path = Shared;
			sourceTree = "<group>";
		};
		D41E19492AE58D1B002516C1 /* Agents */ = {
			isa = PBXGroup;
			children = (
				D8FBB20C2AEDB60700783E9B /* AgentList.swift */,
				D41E19342AE4C665002516C1 /* AgentForm.swift */,
			);
			path = Agents;
			sourceTree = "<group>";
		};
		D41E194A2AE58D29002516C1 /* Conversations */ = {
			isa = PBXGroup;
			children = (
				D4A2C56C2B8BFA830004F27B /* Views */,
				D4B2D2662B649DFD0017FB52 /* ConversationList.swift */,
				D41E193A2AE4C759002516C1 /* ConversationView.swift */,
				D838D6A62B0A65F100988FDD /* ConversationViewModel.swift */,
				D4B2D2682B6563DB0017FB52 /* ConversationInput.swift */,
				D809F5A12BDABEFE00FD627B /* ConversationBarrier.swift */,
			);
			path = Conversations;
			sourceTree = "<group>";
		};
		D4A2C56C2B8BFA830004F27B /* Views */ = {
			isa = PBXGroup;
			children = (
				D88D23082B3CFB5100CCCC61 /* MessageView.swift */,
				D815698C2B9CF19000C53D4D /* MessageTool.swift */,
				D884AAC22BD5741A00B90E9B /* MessageToolCall.swift */,
				D884AAC42BD57C5600B90E9B /* MessageSystemView.swift */,
				D45CC1F92B8A5C1A009DFDF4 /* SuggestionsList.swift */,
				D88D230C2B3CFB5D00CCCC61 /* TypingIndicator.swift */,
			);
			path = Views;
			sourceTree = "<group>";
		};
		D8247E2C2BD41C3100D918C0 /* Memory */ = {
			isa = PBXGroup;
			children = (
				D8247E2D2BD41C3A00D918C0 /* MemoryList.swift */,
			);
			path = Memory;
			sourceTree = "<group>";
		};
		D884AAFA2BD7F64A00B90E9B /* Launcher */ = {
			isa = PBXGroup;
			children = (
				D884AAF62BD7F52600B90E9B /* LauncherView.swift */,
				D884AAFB2BD7F65600B90E9B /* LauncherViewModel.swift */,
			);
			path = Launcher;
			sourceTree = "<group>";
		};
		D88D23072B3CFB2C00CCCC61 /* Views */ = {
			isa = PBXGroup;
			children = (
				D4017C8C2B6EEF70001CE137 /* Squircle.swift */,
				D41E193D2AE4CD20002516C1 /* PictureView.swift */,
				D41E193F2AE4CD4F002516C1 /* VideoView.swift */,
			);
			path = Views;
			sourceTree = "<group>";
		};
		D8E1FC162B704CD2006C9366 /* Preferences */ = {
			isa = PBXGroup;
			children = (
				D41E194B2AE591EA002516C1 /* PreferencesForm.swift */,
				D8E1FC192B704CE3006C9366 /* ServiceList.swift */,
				D8E1FC172B704CDD006C9366 /* ServiceForm.swift */,
				D884AAFD2BD9B40000B90E9B /* PermissionsList.swift */,
			);
			path = Preferences;
			sourceTree = "<group>";
		};
/* End PBXGroup section */

/* Begin PBXNativeTarget section */
		D41E191A2AE45C9B002516C1 /* Heat */ = {
			isa = PBXNativeTarget;
			buildConfigurationList = D41E192A2AE45C9C002516C1 /* Build configuration list for PBXNativeTarget "Heat" */;
			buildPhases = (
				D41E19172AE45C9B002516C1 /* Sources */,
				D41E19182AE45C9B002516C1 /* Frameworks */,
				D41E19192AE45C9B002516C1 /* Resources */,
			);
			buildRules = (
			);
			dependencies = (
			);
			name = Heat;
			packageProductDependencies = (
				D41E19312AE467F5002516C1 /* HeatKit */,
				D4A2C5592B8BF8550004F27B /* MarkdownUI */,
				D4A2C55C2B8BF89A0004F27B /* Splash */,
				D4A2C55E2B8BF89A0004F27B /* SplashHTMLGen */,
				D4A2C5602B8BF89A0004F27B /* SplashImageGen */,
				D4A2C5622B8BF89A0004F27B /* SplashMarkdown */,
				D4A2C5642B8BF89A0004F27B /* SplashTokenizer */,
				D884AAC72BD5A6A500B90E9B /* HotKey */,
			);
			productName = Heat;
			productReference = D4C68E922BCABA9A00EFEF24 /* Heat.app */;
			productType = "com.apple.product-type.application";
		};
/* End PBXNativeTarget section */

/* Begin PBXProject section */
		D41E19132AE45C9B002516C1 /* Project object */ = {
			isa = PBXProject;
			attributes = {
				BuildIndependentTargetsInParallel = 1;
				LastSwiftUpdateCheck = 1500;
				LastUpgradeCheck = 1510;
				TargetAttributes = {
					D41E191A2AE45C9B002516C1 = {
						CreatedOnToolsVersion = 15.0.1;
					};
				};
			};
			buildConfigurationList = D41E19162AE45C9B002516C1 /* Build configuration list for PBXProject "Heat" */;
			compatibilityVersion = "Xcode 14.0";
			developmentRegion = en;
			hasScannedForEncodings = 0;
			knownRegions = (
				en,
				Base,
			);
			mainGroup = D41E19122AE45C9B002516C1;
			packageReferences = (
				D4A2C5582B8BF8550004F27B /* XCRemoteSwiftPackageReference "swift-markdown-ui" */,
				D4A2C55B2B8BF89A0004F27B /* XCRemoteSwiftPackageReference "Splash" */,
				D884AAC62BD5A6A500B90E9B /* XCRemoteSwiftPackageReference "HotKey" */,
			);
			productRefGroup = D41E19122AE45C9B002516C1;
			projectDirPath = "";
			projectRoot = "";
			targets = (
				D41E191A2AE45C9B002516C1 /* Heat */,
			);
		};
/* End PBXProject section */

/* Begin PBXResourcesBuildPhase section */
		D41E19192AE45C9B002516C1 /* Resources */ = {
			isa = PBXResourcesBuildPhase;
			buildActionMask = 2147483647;
			files = (
				D41E19272AE45C9C002516C1 /* Preview Assets.xcassets in Resources */,
				D41E19232AE45C9C002516C1 /* Assets.xcassets in Resources */,
			);
			runOnlyForDeploymentPostprocessing = 0;
		};
/* End PBXResourcesBuildPhase section */

/* Begin PBXSourcesBuildPhase section */
		D41E19172AE45C9B002516C1 /* Sources */ = {
			isa = PBXSourcesBuildPhase;
			buildActionMask = 2147483647;
			files = (
				D4A2C5692B8BF9EC0004F27B /* Markdown.swift in Sources */,
				D4B2D2672B649DFD0017FB52 /* ConversationList.swift in Sources */,
				D884AAF52BD7F50E00B90E9B /* FloatingPanel.swift in Sources */,
				D8E1FC182B704CDD006C9366 /* ServiceForm.swift in Sources */,
				D8FBB20D2AEDB60700783E9B /* AgentList.swift in Sources */,
				D884AAF92BD7F54500B90E9B /* VisualEffectView.swift in Sources */,
				D4A2C5672B8BF9CE0004F27B /* MarkdownUI+.swift in Sources */,
				D884AAFE2BD9B40000B90E9B /* PermissionsList.swift in Sources */,
				D4017C902B6EEFB5001CE137 /* Asset+.swift in Sources */,
				D8247E2E2BD41C3A00D918C0 /* MemoryList.swift in Sources */,
				D838D6A72B0A65F100988FDD /* ConversationViewModel.swift in Sources */,
				D884AAF72BD7F52600B90E9B /* LauncherView.swift in Sources */,
				D41E191F2AE45C9B002516C1 /* MainApp.swift in Sources */,
				D41E19402AE4CD4F002516C1 /* VideoView.swift in Sources */,
				D884AB002BD9B9DE00B90E9B /* LocationManager.swift in Sources */,
				D4B2D2692B6563DB0017FB52 /* ConversationInput.swift in Sources */,
				D4C68E942BCC8AC500EFEF24 /* ImagePicker.swift in Sources */,
				D8E1FC1A2B704CE3006C9366 /* ServiceList.swift in Sources */,
				D884AAC32BD5741A00B90E9B /* MessageToolCall.swift in Sources */,
				D884AAC52BD57C5600B90E9B /* MessageSystemView.swift in Sources */,
				D4713D702AEAB9670005597E /* Operators.swift in Sources */,
				D884AAFC2BD7F65600B90E9B /* LauncherViewModel.swift in Sources */,
				D41E193E2AE4CD20002516C1 /* PictureView.swift in Sources */,
				D41E193B2AE4C759002516C1 /* ConversationView.swift in Sources */,
				D88D23092B3CFB5100CCCC61 /* MessageView.swift in Sources */,
				D4017C8B2B6EEF01001CE137 /* MainCompactView.swift in Sources */,
				D4FECDD32B817A3900E1BA13 /* HapticManager.swift in Sources */,
				D4017C8D2B6EEF70001CE137 /* Squircle.swift in Sources */,
				D809F5A22BDABEFE00FD627B /* ConversationBarrier.swift in Sources */,
				D41E19352AE4C665002516C1 /* AgentForm.swift in Sources */,
				D88D230D2B3CFB5D00CCCC61 /* TypingIndicator.swift in Sources */,
				D41E194C2AE591EA002516C1 /* PreferencesForm.swift in Sources */,
				D45CC1FA2B8A5C1A009DFDF4 /* SuggestionsList.swift in Sources */,
				D815698D2B9CF19000C53D4D /* MessageTool.swift in Sources */,
			);
			runOnlyForDeploymentPostprocessing = 0;
		};
/* End PBXSourcesBuildPhase section */

/* Begin XCBuildConfiguration section */
		D41E19282AE45C9C002516C1 /* Debug */ = {
			isa = XCBuildConfiguration;
			buildSettings = {
				ALWAYS_SEARCH_USER_PATHS = NO;
				ASSETCATALOG_COMPILER_GENERATE_SWIFT_ASSET_SYMBOL_EXTENSIONS = YES;
				CLANG_ANALYZER_NONNULL = YES;
				CLANG_ANALYZER_NUMBER_OBJECT_CONVERSION = YES_AGGRESSIVE;
				CLANG_CXX_LANGUAGE_STANDARD = "gnu++20";
				CLANG_ENABLE_MODULES = YES;
				CLANG_ENABLE_OBJC_ARC = YES;
				CLANG_ENABLE_OBJC_WEAK = YES;
				CLANG_WARN_BLOCK_CAPTURE_AUTORELEASING = YES;
				CLANG_WARN_BOOL_CONVERSION = YES;
				CLANG_WARN_COMMA = YES;
				CLANG_WARN_CONSTANT_CONVERSION = YES;
				CLANG_WARN_DEPRECATED_OBJC_IMPLEMENTATIONS = YES;
				CLANG_WARN_DIRECT_OBJC_ISA_USAGE = YES_ERROR;
				CLANG_WARN_DOCUMENTATION_COMMENTS = YES;
				CLANG_WARN_EMPTY_BODY = YES;
				CLANG_WARN_ENUM_CONVERSION = YES;
				CLANG_WARN_INFINITE_RECURSION = YES;
				CLANG_WARN_INT_CONVERSION = YES;
				CLANG_WARN_NON_LITERAL_NULL_CONVERSION = YES;
				CLANG_WARN_OBJC_IMPLICIT_RETAIN_SELF = YES;
				CLANG_WARN_OBJC_LITERAL_CONVERSION = YES;
				CLANG_WARN_OBJC_ROOT_CLASS = YES_ERROR;
				CLANG_WARN_QUOTED_INCLUDE_IN_FRAMEWORK_HEADER = YES;
				CLANG_WARN_RANGE_LOOP_ANALYSIS = YES;
				CLANG_WARN_STRICT_PROTOTYPES = YES;
				CLANG_WARN_SUSPICIOUS_MOVE = YES;
				CLANG_WARN_UNGUARDED_AVAILABILITY = YES_AGGRESSIVE;
				CLANG_WARN_UNREACHABLE_CODE = YES;
				CLANG_WARN__DUPLICATE_METHOD_MATCH = YES;
				COPY_PHASE_STRIP = NO;
				CURRENT_PROJECT_VERSION = 4;
				DEAD_CODE_STRIPPING = YES;
				DEBUG_INFORMATION_FORMAT = dwarf;
				ENABLE_STRICT_OBJC_MSGSEND = YES;
				ENABLE_TESTABILITY = YES;
				ENABLE_USER_SCRIPT_SANDBOXING = YES;
				GCC_C_LANGUAGE_STANDARD = gnu17;
				GCC_DYNAMIC_NO_PIC = NO;
				GCC_NO_COMMON_BLOCKS = YES;
				GCC_OPTIMIZATION_LEVEL = 0;
				GCC_PREPROCESSOR_DEFINITIONS = (
					"DEBUG=1",
					"$(inherited)",
				);
				GCC_WARN_64_TO_32_BIT_CONVERSION = YES;
				GCC_WARN_ABOUT_RETURN_TYPE = YES_ERROR;
				GCC_WARN_UNDECLARED_SELECTOR = YES;
				GCC_WARN_UNINITIALIZED_AUTOS = YES_AGGRESSIVE;
				GCC_WARN_UNUSED_FUNCTION = YES;
				GCC_WARN_UNUSED_VARIABLE = YES;
				LOCALIZATION_PREFERS_STRING_CATALOGS = YES;
				MTL_ENABLE_DEBUG_INFO = INCLUDE_SOURCE;
				MTL_FAST_MATH = YES;
				ONLY_ACTIVE_ARCH = YES;
				SWIFT_ACTIVE_COMPILATION_CONDITIONS = "DEBUG $(inherited)";
				SWIFT_OPTIMIZATION_LEVEL = "-Onone";
			};
			name = Debug;
		};
		D41E19292AE45C9C002516C1 /* Release */ = {
			isa = XCBuildConfiguration;
			buildSettings = {
				ALWAYS_SEARCH_USER_PATHS = NO;
				ASSETCATALOG_COMPILER_GENERATE_SWIFT_ASSET_SYMBOL_EXTENSIONS = YES;
				CLANG_ANALYZER_NONNULL = YES;
				CLANG_ANALYZER_NUMBER_OBJECT_CONVERSION = YES_AGGRESSIVE;
				CLANG_CXX_LANGUAGE_STANDARD = "gnu++20";
				CLANG_ENABLE_MODULES = YES;
				CLANG_ENABLE_OBJC_ARC = YES;
				CLANG_ENABLE_OBJC_WEAK = YES;
				CLANG_WARN_BLOCK_CAPTURE_AUTORELEASING = YES;
				CLANG_WARN_BOOL_CONVERSION = YES;
				CLANG_WARN_COMMA = YES;
				CLANG_WARN_CONSTANT_CONVERSION = YES;
				CLANG_WARN_DEPRECATED_OBJC_IMPLEMENTATIONS = YES;
				CLANG_WARN_DIRECT_OBJC_ISA_USAGE = YES_ERROR;
				CLANG_WARN_DOCUMENTATION_COMMENTS = YES;
				CLANG_WARN_EMPTY_BODY = YES;
				CLANG_WARN_ENUM_CONVERSION = YES;
				CLANG_WARN_INFINITE_RECURSION = YES;
				CLANG_WARN_INT_CONVERSION = YES;
				CLANG_WARN_NON_LITERAL_NULL_CONVERSION = YES;
				CLANG_WARN_OBJC_IMPLICIT_RETAIN_SELF = YES;
				CLANG_WARN_OBJC_LITERAL_CONVERSION = YES;
				CLANG_WARN_OBJC_ROOT_CLASS = YES_ERROR;
				CLANG_WARN_QUOTED_INCLUDE_IN_FRAMEWORK_HEADER = YES;
				CLANG_WARN_RANGE_LOOP_ANALYSIS = YES;
				CLANG_WARN_STRICT_PROTOTYPES = YES;
				CLANG_WARN_SUSPICIOUS_MOVE = YES;
				CLANG_WARN_UNGUARDED_AVAILABILITY = YES_AGGRESSIVE;
				CLANG_WARN_UNREACHABLE_CODE = YES;
				CLANG_WARN__DUPLICATE_METHOD_MATCH = YES;
				COPY_PHASE_STRIP = NO;
				CURRENT_PROJECT_VERSION = 4;
				DEAD_CODE_STRIPPING = YES;
				DEBUG_INFORMATION_FORMAT = "dwarf-with-dsym";
				ENABLE_NS_ASSERTIONS = NO;
				ENABLE_STRICT_OBJC_MSGSEND = YES;
				ENABLE_USER_SCRIPT_SANDBOXING = YES;
				GCC_C_LANGUAGE_STANDARD = gnu17;
				GCC_NO_COMMON_BLOCKS = YES;
				GCC_WARN_64_TO_32_BIT_CONVERSION = YES;
				GCC_WARN_ABOUT_RETURN_TYPE = YES_ERROR;
				GCC_WARN_UNDECLARED_SELECTOR = YES;
				GCC_WARN_UNINITIALIZED_AUTOS = YES_AGGRESSIVE;
				GCC_WARN_UNUSED_FUNCTION = YES;
				GCC_WARN_UNUSED_VARIABLE = YES;
				LOCALIZATION_PREFERS_STRING_CATALOGS = YES;
				MTL_ENABLE_DEBUG_INFO = NO;
				MTL_FAST_MATH = YES;
				SWIFT_COMPILATION_MODE = wholemodule;
			};
			name = Release;
		};
		D41E192B2AE45C9C002516C1 /* Debug */ = {
			isa = XCBuildConfiguration;
			buildSettings = {
				ASSETCATALOG_COMPILER_APPICON_NAME = AppIcon;
				ASSETCATALOG_COMPILER_GLOBAL_ACCENT_COLOR_NAME = AccentColor;
				CODE_SIGN_ENTITLEMENTS = Heat/Resources/Heat.entitlements;
				CODE_SIGN_STYLE = Automatic;
				DEAD_CODE_STRIPPING = YES;
				DEVELOPMENT_ASSET_PATHS = "\"Heat/Preview Content\"";
				DEVELOPMENT_TEAM = 294VZ3T33E;
				ENABLE_HARDENED_RUNTIME = NO;
				ENABLE_PREVIEWS = YES;
				GENERATE_INFOPLIST_FILE = YES;
				INFOPLIST_FILE = Heat/Resources/Info.plist;
				INFOPLIST_KEY_NSHomeKitUsageDescription = "Manage your home accessories from Heat.";
				INFOPLIST_KEY_NSLocationWhenInUseUsageDescription = "Location is provided as additional context to personalize Heat.";
				"INFOPLIST_KEY_UIApplicationSceneManifest_Generation[sdk=iphoneos*]" = YES;
				"INFOPLIST_KEY_UIApplicationSceneManifest_Generation[sdk=iphonesimulator*]" = YES;
				"INFOPLIST_KEY_UIApplicationSupportsIndirectInputEvents[sdk=iphoneos*]" = YES;
				"INFOPLIST_KEY_UIApplicationSupportsIndirectInputEvents[sdk=iphonesimulator*]" = YES;
				"INFOPLIST_KEY_UILaunchScreen_Generation[sdk=iphoneos*]" = YES;
				"INFOPLIST_KEY_UILaunchScreen_Generation[sdk=iphonesimulator*]" = YES;
				"INFOPLIST_KEY_UIStatusBarStyle[sdk=iphoneos*]" = UIStatusBarStyleDefault;
				"INFOPLIST_KEY_UIStatusBarStyle[sdk=iphonesimulator*]" = UIStatusBarStyleDefault;
				INFOPLIST_KEY_UISupportedInterfaceOrientations_iPad = "UIInterfaceOrientationPortrait UIInterfaceOrientationPortraitUpsideDown UIInterfaceOrientationLandscapeLeft UIInterfaceOrientationLandscapeRight";
				INFOPLIST_KEY_UISupportedInterfaceOrientations_iPhone = "UIInterfaceOrientationPortrait UIInterfaceOrientationLandscapeLeft UIInterfaceOrientationLandscapeRight";
				IPHONEOS_DEPLOYMENT_TARGET = 17.0;
				LD_RUNPATH_SEARCH_PATHS = "@executable_path/Frameworks";
				"LD_RUNPATH_SEARCH_PATHS[sdk=macosx*]" = "@executable_path/../Frameworks";
				MACOSX_DEPLOYMENT_TARGET = 14.0;
				MARKETING_VERSION = 1.0;
				PRODUCT_BUNDLE_IDENTIFIER = run.nathan.Heat;
				PRODUCT_NAME = "$(TARGET_NAME)";
				SDKROOT = auto;
				SUPPORTED_PLATFORMS = "iphoneos iphonesimulator macosx";
				SWIFT_EMIT_LOC_STRINGS = YES;
				SWIFT_VERSION = 5.0;
				TARGETED_DEVICE_FAMILY = "1,2";
			};
			name = Debug;
		};
		D41E192C2AE45C9C002516C1 /* Release */ = {
			isa = XCBuildConfiguration;
			buildSettings = {
				ASSETCATALOG_COMPILER_APPICON_NAME = AppIcon;
				ASSETCATALOG_COMPILER_GLOBAL_ACCENT_COLOR_NAME = AccentColor;
				CODE_SIGN_ENTITLEMENTS = Heat/Resources/Heat.entitlements;
				CODE_SIGN_STYLE = Automatic;
				DEAD_CODE_STRIPPING = YES;
				DEVELOPMENT_ASSET_PATHS = "\"Heat/Preview Content\"";
				DEVELOPMENT_TEAM = 294VZ3T33E;
				ENABLE_HARDENED_RUNTIME = NO;
				ENABLE_PREVIEWS = YES;
				GENERATE_INFOPLIST_FILE = YES;
				INFOPLIST_FILE = Heat/Resources/Info.plist;
				INFOPLIST_KEY_NSHomeKitUsageDescription = "Manage your home accessories from Heat.";
				INFOPLIST_KEY_NSLocationWhenInUseUsageDescription = "Location is provided as additional context to personalize Heat.";
				"INFOPLIST_KEY_UIApplicationSceneManifest_Generation[sdk=iphoneos*]" = YES;
				"INFOPLIST_KEY_UIApplicationSceneManifest_Generation[sdk=iphonesimulator*]" = YES;
				"INFOPLIST_KEY_UIApplicationSupportsIndirectInputEvents[sdk=iphoneos*]" = YES;
				"INFOPLIST_KEY_UIApplicationSupportsIndirectInputEvents[sdk=iphonesimulator*]" = YES;
				"INFOPLIST_KEY_UILaunchScreen_Generation[sdk=iphoneos*]" = YES;
				"INFOPLIST_KEY_UILaunchScreen_Generation[sdk=iphonesimulator*]" = YES;
				"INFOPLIST_KEY_UIStatusBarStyle[sdk=iphoneos*]" = UIStatusBarStyleDefault;
				"INFOPLIST_KEY_UIStatusBarStyle[sdk=iphonesimulator*]" = UIStatusBarStyleDefault;
				INFOPLIST_KEY_UISupportedInterfaceOrientations_iPad = "UIInterfaceOrientationPortrait UIInterfaceOrientationPortraitUpsideDown UIInterfaceOrientationLandscapeLeft UIInterfaceOrientationLandscapeRight";
				INFOPLIST_KEY_UISupportedInterfaceOrientations_iPhone = "UIInterfaceOrientationPortrait UIInterfaceOrientationLandscapeLeft UIInterfaceOrientationLandscapeRight";
				IPHONEOS_DEPLOYMENT_TARGET = 17.0;
				LD_RUNPATH_SEARCH_PATHS = "@executable_path/Frameworks";
				"LD_RUNPATH_SEARCH_PATHS[sdk=macosx*]" = "@executable_path/../Frameworks";
				MACOSX_DEPLOYMENT_TARGET = 14.0;
				MARKETING_VERSION = 1.0;
				PRODUCT_BUNDLE_IDENTIFIER = run.nathan.Heat;
				PRODUCT_NAME = "$(TARGET_NAME)";
				SDKROOT = auto;
				SUPPORTED_PLATFORMS = "iphoneos iphonesimulator macosx";
				SWIFT_EMIT_LOC_STRINGS = YES;
				SWIFT_VERSION = 5.0;
				TARGETED_DEVICE_FAMILY = "1,2";
			};
			name = Release;
		};
/* End XCBuildConfiguration section */

/* Begin XCConfigurationList section */
		D41E19162AE45C9B002516C1 /* Build configuration list for PBXProject "Heat" */ = {
			isa = XCConfigurationList;
			buildConfigurations = (
				D41E19282AE45C9C002516C1 /* Debug */,
				D41E19292AE45C9C002516C1 /* Release */,
			);
			defaultConfigurationIsVisible = 0;
			defaultConfigurationName = Release;
		};
		D41E192A2AE45C9C002516C1 /* Build configuration list for PBXNativeTarget "Heat" */ = {
			isa = XCConfigurationList;
			buildConfigurations = (
				D41E192B2AE45C9C002516C1 /* Debug */,
				D41E192C2AE45C9C002516C1 /* Release */,
			);
			defaultConfigurationIsVisible = 0;
			defaultConfigurationName = Release;
		};
/* End XCConfigurationList section */

/* Begin XCRemoteSwiftPackageReference section */
		D4A2C5582B8BF8550004F27B /* XCRemoteSwiftPackageReference "swift-markdown-ui" */ = {
			isa = XCRemoteSwiftPackageReference;
			repositoryURL = "https://github.com/gonzalezreal/swift-markdown-ui";
			requirement = {
				kind = upToNextMajorVersion;
				minimumVersion = 2.3.0;
			};
		};
		D4A2C55B2B8BF89A0004F27B /* XCRemoteSwiftPackageReference "Splash" */ = {
			isa = XCRemoteSwiftPackageReference;
			repositoryURL = "https://github.com/JohnSundell/Splash";
			requirement = {
				branch = master;
				kind = branch;
			};
		};
		D884AAC62BD5A6A500B90E9B /* XCRemoteSwiftPackageReference "HotKey" */ = {
			isa = XCRemoteSwiftPackageReference;
			repositoryURL = "https://github.com/soffes/HotKey";
			requirement = {
				branch = main;
				kind = branch;
			};
		};
/* End XCRemoteSwiftPackageReference section */

/* Begin XCSwiftPackageProductDependency section */
		D41E19312AE467F5002516C1 /* HeatKit */ = {
			isa = XCSwiftPackageProductDependency;
			productName = HeatKit;
		};
		D4A2C5592B8BF8550004F27B /* MarkdownUI */ = {
			isa = XCSwiftPackageProductDependency;
			package = D4A2C5582B8BF8550004F27B /* XCRemoteSwiftPackageReference "swift-markdown-ui" */;
			productName = MarkdownUI;
		};
		D4A2C55C2B8BF89A0004F27B /* Splash */ = {
			isa = XCSwiftPackageProductDependency;
			package = D4A2C55B2B8BF89A0004F27B /* XCRemoteSwiftPackageReference "Splash" */;
			productName = Splash;
		};
		D4A2C55E2B8BF89A0004F27B /* SplashHTMLGen */ = {
			isa = XCSwiftPackageProductDependency;
			package = D4A2C55B2B8BF89A0004F27B /* XCRemoteSwiftPackageReference "Splash" */;
			productName = SplashHTMLGen;
		};
		D4A2C5602B8BF89A0004F27B /* SplashImageGen */ = {
			isa = XCSwiftPackageProductDependency;
			package = D4A2C55B2B8BF89A0004F27B /* XCRemoteSwiftPackageReference "Splash" */;
			productName = SplashImageGen;
		};
		D4A2C5622B8BF89A0004F27B /* SplashMarkdown */ = {
			isa = XCSwiftPackageProductDependency;
			package = D4A2C55B2B8BF89A0004F27B /* XCRemoteSwiftPackageReference "Splash" */;
			productName = SplashMarkdown;
		};
		D4A2C5642B8BF89A0004F27B /* SplashTokenizer */ = {
			isa = XCSwiftPackageProductDependency;
			package = D4A2C55B2B8BF89A0004F27B /* XCRemoteSwiftPackageReference "Splash" */;
			productName = SplashTokenizer;
		};
		D884AAC72BD5A6A500B90E9B /* HotKey */ = {
			isa = XCSwiftPackageProductDependency;
			package = D884AAC62BD5A6A500B90E9B /* XCRemoteSwiftPackageReference "HotKey" */;
			productName = HotKey;
		};
/* End XCSwiftPackageProductDependency section */
	};
	rootObject = D41E19132AE45C9B002516C1 /* Project object */;
}
